
Microsoft Visual Studio Solution File, Format Version 12.00
# Visual Studio 2013
VisualStudioVersion = 12.0.21005.1
MinimumVisualStudioVersion = 10.0.40219.1
Project("{8BC9CEB8-8B4A-11D0-8D11-00A0C91BC942}") = "lib", "lib.vcxproj", "{10DCD767-DFBE-4096-9258-111D4CAF09B0}"
	ProjectSection(ProjectDependencies) = postProject
		{10DCD767-DFBE-4096-9258-111D4CF899B1} = {10DCD767-DFBE-4096-9258-111D4CF899B1}
		{5B3178D7-E536-4FF0-A749-213C95FB3084} = {5B3178D7-E536-4FF0-A749-213C95FB3084}
	EndProjectSection
EndProject
Project("{8BC9CEB8-8B4A-11D0-8D11-00A0C91BC942}") = "dll", "dll.vcxproj", "{B82D2DF8-F8B2-4331-86D0-508BBD806507}"
	ProjectSection(ProjectDependencies) = postProject
		{10DCD767-DFBE-4096-9258-111D4CF899B1} = {10DCD767-DFBE-4096-9258-111D4CF899B1}
		{2FB00CD0-729B-42C6-8D25-19E47780B0E7} = {2FB00CD0-729B-42C6-8D25-19E47780B0E7}
		{5B3178D7-E536-4FF0-A749-213C95FB3084} = {5B3178D7-E536-4FF0-A749-213C95FB3084}
	EndProjectSection
EndProject
Project("{8BC9CEB8-8B4A-11D0-8D11-00A0C91BC942}") = "sample_db1", "sample_db1.vcxproj", "{8FE983E8-8B32-4524-9BEF-1303B7ABC142}"
	ProjectSection(ProjectDependencies) = postProject
		{10DCD767-DFBE-4096-9258-111D4CAF09B0} = {10DCD767-DFBE-4096-9258-111D4CAF09B0}
	EndProjectSection
EndProject
Project("{8BC9CEB8-8B4A-11D0-8D11-00A0C91BC942}") = "sample_db2", "sample_db2.vcxproj", "{1D39526E-1AC3-4E5C-B7B6-AD78FD27C4CC}"
	ProjectSection(ProjectDependencies) = postProject
		{10DCD767-DFBE-4096-9258-111D4CAF09B0} = {10DCD767-DFBE-4096-9258-111D4CAF09B0}
	EndProjectSection
EndProject
Project("{8BC9CEB8-8B4A-11D0-8D11-00A0C91BC942}") = "sample_db3", "sample_db3.vcxproj", "{54B8A25A-34C1-4472-B690-2B2941BABE69}"
	ProjectSection(ProjectDependencies) = postProject
		{10DCD767-DFBE-4096-9258-111D4CAF09B0} = {10DCD767-DFBE-4096-9258-111D4CAF09B0}
	EndProjectSection
EndProject
Project("{8BC9CEB8-8B4A-11D0-8D11-00A0C91BC942}") = "unittests", "unittests.vcxproj", "{0C5D0A1D-A98A-4A4A-A954-EC15F8A611A6}"
	ProjectSection(ProjectDependencies) = postProject
		{10DCD767-DFBE-4096-9258-111D4CAF09B0} = {10DCD767-DFBE-4096-9258-111D4CAF09B0}
		{11DCD767-DFBE-4196-9258-111D4CAF09B0} = {11DCD767-DFBE-4196-9258-111D4CAF09B0}
	EndProjectSection
EndProject
Project("{8BC9CEB8-8B4A-11D0-8D11-00A0C91BC942}") = "sample_env1", "sample_env1.vcxproj", "{57E4DDEF-945C-46A7-A889-3B2E9B2B7096}"
	ProjectSection(ProjectDependencies) = postProject
		{10DCD767-DFBE-4096-9258-111D4CAF09B0} = {10DCD767-DFBE-4096-9258-111D4CAF09B0}
	EndProjectSection
EndProject
Project("{8BC9CEB8-8B4A-11D0-8D11-00A0C91BC942}") = "sample_db4", "sample_db4.vcxproj", "{675E4C9D-E1D2-49AD-B7C0-261B4403F0A1}"
	ProjectSection(ProjectDependencies) = postProject
		{10DCD767-DFBE-4096-9258-111D4CAF09B0} = {10DCD767-DFBE-4096-9258-111D4CAF09B0}
	EndProjectSection
EndProject
Project("{8BC9CEB8-8B4A-11D0-8D11-00A0C91BC942}") = "sample_db5", "sample_db5.vcxproj", "{675E4C9D-E1D3-49AD-B7C0-261B4403F0A1}"
	ProjectSection(ProjectDependencies) = postProject
		{10DCD767-DFBE-4096-9258-111D4CAF09B0} = {10DCD767-DFBE-4096-9258-111D4CAF09B0}
	EndProjectSection
EndProject
Project("{8BC9CEB8-8B4A-11D0-8D11-00A0C91BC942}") = "sample_env2", "sample_env2.vcxproj", "{57E4DDEF-945D-46A7-A889-3B2E9B2B7096}"
	ProjectSection(ProjectDependencies) = postProject
		{10DCD767-DFBE-4096-9258-111D4CAF09B0} = {10DCD767-DFBE-4096-9258-111D4CAF09B0}
	EndProjectSection
EndProject
Project("{8BC9CEB8-8B4A-11D0-8D11-00A0C91BC942}") = "sample_db6", "sample_db6.vcxproj", "{8FE983E8-8B32-4524-9BEF-1303B7ABC143}"
	ProjectSection(ProjectDependencies) = postProject
		{10DCD767-DFBE-4096-9258-111D4CAF09B0} = {10DCD767-DFBE-4096-9258-111D4CAF09B0}
	EndProjectSection
EndProject
Project("{8BC9CEB8-8B4A-11D0-8D11-00A0C91BC942}") = "sample_env3", "sample_env3.vcxproj", "{57E4DDEF-945D-46A7-A189-3B2E9B2B7096}"
	ProjectSection(ProjectDependencies) = postProject
		{10DCD767-DFBE-4096-9258-111D4CAF09B0} = {10DCD767-DFBE-4096-9258-111D4CAF09B0}
	EndProjectSection
EndProject
Project("{8BC9CEB8-8B4A-11D0-8D11-00A0C91BC942}") = "ups_info", "ups_info.vcxproj", "{8FE983E8-8B32-4524-9BEF-1311B7ABC142}"
	ProjectSection(ProjectDependencies) = postProject
		{10DCD767-DFBE-4096-9258-111D4CAF09B0} = {10DCD767-DFBE-4096-9258-111D4CAF09B0}
	EndProjectSection
EndProject
Project("{8BC9CEB8-8B4A-11D0-8D11-00A0C91BC942}") = "ups_dump", "ups_dump.vcxproj", "{D11CE71E-716F-46B0-9DDD-74125DA7985A}"
	ProjectSection(ProjectDependencies) = postProject
		{10DCD767-DFBE-4096-9258-111D4CAF09B0} = {10DCD767-DFBE-4096-9258-111D4CAF09B0}
	EndProjectSection
EndProject
Project("{8BC9CEB8-8B4A-11D0-8D11-00A0C91BC942}") = "sample_server1", "sample_server1.vcxproj", "{57E4D0EF-945D-46A7-A189-208A9B2B7096}"
	ProjectSection(ProjectDependencies) = postProject
		{10DCD767-DFBE-4096-9258-111D4CAF09B0} = {10DCD767-DFBE-4096-9258-111D4CAF09B0}
	EndProjectSection
EndProject
Project("{8BC9CEB8-8B4A-11D0-8D11-00A0C91BC942}") = "sample_client1", "sample_client1.vcxproj", "{57E4D0EF-945D-46A7-B189-20940FFB7096}"
	ProjectSection(ProjectDependencies) = postProject
		{10DCD767-DFBE-4096-9258-111D4CAF09B0} = {10DCD767-DFBE-4096-9258-111D4CAF09B0}
		{11DCD767-DFBE-4196-9258-111D4CAF09B0} = {11DCD767-DFBE-4196-9258-111D4CAF09B0}
	EndProjectSection
EndProject
Project("{8BC9CEB8-8B4A-11D0-8D11-00A0C91BC942}") = "protobuf", "protobuf.vcxproj", "{10DCD767-DFBE-4096-9258-111D4CF899B1}"
EndProject
Project("{8BC9CEB8-8B4A-11D0-8D11-00A0C91BC942}") = "server_lib", "server_lib.vcxproj", "{11DCD767-DFBE-4196-9258-111D4CAF09B0}"
	ProjectSection(ProjectDependencies) = postProject
		{10DCD767-DFBE-4096-9258-111D4CAF09B0} = {10DCD767-DFBE-4096-9258-111D4CAF09B0}
	EndProjectSection
EndProject
Project("{8BC9CEB8-8B4A-11D0-8D11-00A0C91BC942}") = "server_dll", "server_dll.vcxproj", "{B82D2DF8-F1B2-4331-86D2-508BBD806507}"
	ProjectSection(ProjectDependencies) = postProject
		{10DCD767-DFBE-4096-9258-111D4CAF09B0} = {10DCD767-DFBE-4096-9258-111D4CAF09B0}
	EndProjectSection
EndProject
Project("{8BC9CEB8-8B4A-11D0-8D11-00A0C91BC942}") = "upszilla", "upszilla.vcxproj", "{D11CE719-716F-46B0-9DDA-74125DA7985A}"
	ProjectSection(ProjectDependencies) = postProject
		{10DCD767-DFBE-4096-9258-111D4CAF09B0} = {10DCD767-DFBE-4096-9258-111D4CAF09B0}
		{11DCD767-DFBE-4196-9258-111D4CAF09B0} = {11DCD767-DFBE-4196-9258-111D4CAF09B0}
	EndProjectSection
EndProject
Project("{8BC9CEB8-8B4A-11D0-8D11-00A0C91BC942}") = "3rdparty_json", "3rdparty_json.vcxproj", "{A199816E-52C4-44CE-B8DD-604DCA2398FF}"
EndProject
Project("{8BC9CEB8-8B4A-11D0-8D11-00A0C91BC942}") = "java_dll", "java_dll.vcxproj", "{3E6B895E-36F2-49E6-AAFB-CA714D582402}"
	ProjectSection(ProjectDependencies) = postProject
		{10DCD767-DFBE-4096-9258-111D4CAF09B0} = {10DCD767-DFBE-4096-9258-111D4CAF09B0}
		{11DCD767-DFBE-4196-9258-111D4CAF09B0} = {11DCD767-DFBE-4196-9258-111D4CAF09B0}
	EndProjectSection
EndProject
Project("{8BC9CEB8-8B4A-11D0-8D11-00A0C91BC942}") = "ups_import", "ups_import.vcxproj", "{D12AE71E-716F-46B0-9DEF-74125DA7985A}"
	ProjectSection(ProjectDependencies) = postProject
		{10DCD767-DFBE-4096-9258-111D4CAF09B0} = {10DCD767-DFBE-4096-9258-111D4CAF09B0}
	EndProjectSection
EndProject
Project("{8BC9CEB8-8B4A-11D0-8D11-00A0C91BC942}") = "ups_export", "ups_export.vcxproj", "{D12AE71E-716F-46B0-9DDD-74125DA7985A}"
	ProjectSection(ProjectDependencies) = postProject
		{10DCD767-DFBE-4096-9258-111D4CAF09B0} = {10DCD767-DFBE-4096-9258-111D4CAF09B0}
	EndProjectSection
EndProject
Project("{8BC9CEB8-8B4A-11D0-8D11-00A0C91BC942}") = "ups_bench", "ups_bench.vcxproj", "{0C5D0A1D-A98A-1A4A-A954-E23CAA9611A6}"
	ProjectSection(ProjectDependencies) = postProject
		{10DCD767-DFBE-4096-9258-111D4CAF09B0} = {10DCD767-DFBE-4096-9258-111D4CAF09B0}
		{11DCD767-DFBE-4196-9258-111D4CAF09B0} = {11DCD767-DFBE-4196-9258-111D4CAF09B0}
	EndProjectSection
EndProject
Project("{8BC9CEB8-8B4A-11D0-8D11-00A0C91BC942}") = "libfor", "libfor.vcxproj", "{5B3178D7-E536-4FF0-A749-213C95FB3084}"
EndProject
Project("{8BC9CEB8-8B4A-11D0-8D11-00A0C91BC942}") = "libvbyte", "libvbyte.vcxproj", "{2FB00CD0-729B-42C6-8D25-19E47780B0E7}"
EndProject
Project("{8BC9CEB8-8B4A-11D0-8D11-00A0C91BC942}") = "unittests-plugin", "unittests-plugin.vcxproj", "{C89FB574-EA26-4036-8662-90ADA48FD8D3}"
	ProjectSection(ProjectDependencies) = postProject
		{10DCD767-DFBE-4096-9258-111D4CAF09B0} = {10DCD767-DFBE-4096-9258-111D4CAF09B0}
	EndProjectSection
EndProject
Global
	GlobalSection(SolutionConfigurationPlatforms) = preSolution
		Debug|Mixed Platforms = Debug|Mixed Platforms
		Debug|Win32 = Debug|Win32
		Debug|x64 = Debug|x64
		Release|Mixed Platforms = Release|Mixed Platforms
		Release|Win32 = Release|Win32
		Release|x64 = Release|x64
	EndGlobalSection
	GlobalSection(ProjectConfigurationPlatforms) = postSolution
		{10DCD767-DFBE-4096-9258-111D4CAF09B0}.Debug|Mixed Platforms.ActiveCfg = Debug|Win32
		{10DCD767-DFBE-4096-9258-111D4CAF09B0}.Debug|Mixed Platforms.Build.0 = Debug|Win32
		{10DCD767-DFBE-4096-9258-111D4CAF09B0}.Debug|Win32.ActiveCfg = Debug|Win32
		{10DCD767-DFBE-4096-9258-111D4CAF09B0}.Debug|Win32.Build.0 = Debug|Win32
		{10DCD767-DFBE-4096-9258-111D4CAF09B0}.Debug|x64.ActiveCfg = Debug|x64
		{10DCD767-DFBE-4096-9258-111D4CAF09B0}.Debug|x64.Build.0 = Debug|x64
		{10DCD767-DFBE-4096-9258-111D4CAF09B0}.Release|Mixed Platforms.ActiveCfg = Release|Win32
		{10DCD767-DFBE-4096-9258-111D4CAF09B0}.Release|Mixed Platforms.Build.0 = Release|Win32
		{10DCD767-DFBE-4096-9258-111D4CAF09B0}.Release|Win32.ActiveCfg = Release|Win32
		{10DCD767-DFBE-4096-9258-111D4CAF09B0}.Release|Win32.Build.0 = Release|Win32
		{10DCD767-DFBE-4096-9258-111D4CAF09B0}.Release|x64.ActiveCfg = Release|x64
		{10DCD767-DFBE-4096-9258-111D4CAF09B0}.Release|x64.Build.0 = Release|x64
		{B82D2DF8-F8B2-4331-86D0-508BBD806507}.Debug|Mixed Platforms.ActiveCfg = Debug|Win32
		{B82D2DF8-F8B2-4331-86D0-508BBD806507}.Debug|Mixed Platforms.Build.0 = Debug|Win32
		{B82D2DF8-F8B2-4331-86D0-508BBD806507}.Debug|Win32.ActiveCfg = Debug|Win32
		{B82D2DF8-F8B2-4331-86D0-508BBD806507}.Debug|Win32.Build.0 = Debug|Win32
		{B82D2DF8-F8B2-4331-86D0-508BBD806507}.Debug|x64.ActiveCfg = Debug|x64
		{B82D2DF8-F8B2-4331-86D0-508BBD806507}.Debug|x64.Build.0 = Debug|x64
		{B82D2DF8-F8B2-4331-86D0-508BBD806507}.Release|Mixed Platforms.ActiveCfg = Release|Win32
		{B82D2DF8-F8B2-4331-86D0-508BBD806507}.Release|Mixed Platforms.Build.0 = Release|Win32
		{B82D2DF8-F8B2-4331-86D0-508BBD806507}.Release|Win32.ActiveCfg = Release|Win32
		{B82D2DF8-F8B2-4331-86D0-508BBD806507}.Release|Win32.Build.0 = Release|Win32
		{B82D2DF8-F8B2-4331-86D0-508BBD806507}.Release|x64.ActiveCfg = Release|x64
		{B82D2DF8-F8B2-4331-86D0-508BBD806507}.Release|x64.Build.0 = Release|x64
		{8FE983E8-8B32-4524-9BEF-1303B7ABC142}.Debug|Mixed Platforms.ActiveCfg = Debug|Win32
		{8FE983E8-8B32-4524-9BEF-1303B7ABC142}.Debug|Mixed Platforms.Build.0 = Debug|Win32
		{8FE983E8-8B32-4524-9BEF-1303B7ABC142}.Debug|Win32.ActiveCfg = Debug|Win32
		{8FE983E8-8B32-4524-9BEF-1303B7ABC142}.Debug|Win32.Build.0 = Debug|Win32
		{8FE983E8-8B32-4524-9BEF-1303B7ABC142}.Debug|x64.ActiveCfg = Debug|x64
		{8FE983E8-8B32-4524-9BEF-1303B7ABC142}.Debug|x64.Build.0 = Debug|x64
		{8FE983E8-8B32-4524-9BEF-1303B7ABC142}.Release|Mixed Platforms.ActiveCfg = Release|Win32
		{8FE983E8-8B32-4524-9BEF-1303B7ABC142}.Release|Mixed Platforms.Build.0 = Release|Win32
		{8FE983E8-8B32-4524-9BEF-1303B7ABC142}.Release|Win32.ActiveCfg = Release|Win32
		{8FE983E8-8B32-4524-9BEF-1303B7ABC142}.Release|Win32.Build.0 = Release|Win32
		{8FE983E8-8B32-4524-9BEF-1303B7ABC142}.Release|x64.ActiveCfg = Release|x64
		{8FE983E8-8B32-4524-9BEF-1303B7ABC142}.Release|x64.Build.0 = Release|x64
		{1D39526E-1AC3-4E5C-B7B6-AD78FD27C4CC}.Debug|Mixed Platforms.ActiveCfg = Debug|Win32
		{1D39526E-1AC3-4E5C-B7B6-AD78FD27C4CC}.Debug|Mixed Platforms.Build.0 = Debug|Win32
		{1D39526E-1AC3-4E5C-B7B6-AD78FD27C4CC}.Debug|Win32.ActiveCfg = Debug|Win32
		{1D39526E-1AC3-4E5C-B7B6-AD78FD27C4CC}.Debug|Win32.Build.0 = Debug|Win32
		{1D39526E-1AC3-4E5C-B7B6-AD78FD27C4CC}.Debug|x64.ActiveCfg = Debug|x64
		{1D39526E-1AC3-4E5C-B7B6-AD78FD27C4CC}.Debug|x64.Build.0 = Debug|x64
		{1D39526E-1AC3-4E5C-B7B6-AD78FD27C4CC}.Release|Mixed Platforms.ActiveCfg = Release|Win32
		{1D39526E-1AC3-4E5C-B7B6-AD78FD27C4CC}.Release|Mixed Platforms.Build.0 = Release|Win32
		{1D39526E-1AC3-4E5C-B7B6-AD78FD27C4CC}.Release|Win32.ActiveCfg = Release|Win32
		{1D39526E-1AC3-4E5C-B7B6-AD78FD27C4CC}.Release|Win32.Build.0 = Release|Win32
		{1D39526E-1AC3-4E5C-B7B6-AD78FD27C4CC}.Release|x64.ActiveCfg = Release|x64
		{1D39526E-1AC3-4E5C-B7B6-AD78FD27C4CC}.Release|x64.Build.0 = Release|x64
		{54B8A25A-34C1-4472-B690-2B2941BABE69}.Debug|Mixed Platforms.ActiveCfg = Debug|Win32
		{54B8A25A-34C1-4472-B690-2B2941BABE69}.Debug|Mixed Platforms.Build.0 = Debug|Win32
		{54B8A25A-34C1-4472-B690-2B2941BABE69}.Debug|Win32.ActiveCfg = Debug|Win32
		{54B8A25A-34C1-4472-B690-2B2941BABE69}.Debug|Win32.Build.0 = Debug|Win32
		{54B8A25A-34C1-4472-B690-2B2941BABE69}.Debug|x64.ActiveCfg = Debug|x64
		{54B8A25A-34C1-4472-B690-2B2941BABE69}.Debug|x64.Build.0 = Debug|x64
		{54B8A25A-34C1-4472-B690-2B2941BABE69}.Release|Mixed Platforms.ActiveCfg = Release|Win32
		{54B8A25A-34C1-4472-B690-2B2941BABE69}.Release|Mixed Platforms.Build.0 = Release|Win32
		{54B8A25A-34C1-4472-B690-2B2941BABE69}.Release|Win32.ActiveCfg = Release|Win32
		{54B8A25A-34C1-4472-B690-2B2941BABE69}.Release|Win32.Build.0 = Release|Win32
		{54B8A25A-34C1-4472-B690-2B2941BABE69}.Release|x64.ActiveCfg = Release|x64
		{54B8A25A-34C1-4472-B690-2B2941BABE69}.Release|x64.Build.0 = Release|x64
		{0C5D0A1D-A98A-4A4A-A954-EC15F8A611A6}.Debug|Mixed Platforms.ActiveCfg = Debug|Win32
		{0C5D0A1D-A98A-4A4A-A954-EC15F8A611A6}.Debug|Mixed Platforms.Build.0 = Debug|Win32
		{0C5D0A1D-A98A-4A4A-A954-EC15F8A611A6}.Debug|Win32.ActiveCfg = Debug|Win32
		{0C5D0A1D-A98A-4A4A-A954-EC15F8A611A6}.Debug|Win32.Build.0 = Debug|Win32
		{0C5D0A1D-A98A-4A4A-A954-EC15F8A611A6}.Debug|x64.ActiveCfg = Debug|x64
		{0C5D0A1D-A98A-4A4A-A954-EC15F8A611A6}.Debug|x64.Build.0 = Debug|x64
		{0C5D0A1D-A98A-4A4A-A954-EC15F8A611A6}.Release|Mixed Platforms.ActiveCfg = Release|Win32
		{0C5D0A1D-A98A-4A4A-A954-EC15F8A611A6}.Release|Mixed Platforms.Build.0 = Release|Win32
		{0C5D0A1D-A98A-4A4A-A954-EC15F8A611A6}.Release|Win32.ActiveCfg = Release|Win32
		{0C5D0A1D-A98A-4A4A-A954-EC15F8A611A6}.Release|Win32.Build.0 = Release|Win32
		{0C5D0A1D-A98A-4A4A-A954-EC15F8A611A6}.Release|x64.ActiveCfg = Release|x64
		{0C5D0A1D-A98A-4A4A-A954-EC15F8A611A6}.Release|x64.Build.0 = Release|x64
		{57E4DDEF-945C-46A7-A889-3B2E9B2B7096}.Debug|Mixed Platforms.ActiveCfg = Debug|Win32
		{57E4DDEF-945C-46A7-A889-3B2E9B2B7096}.Debug|Mixed Platforms.Build.0 = Debug|Win32
		{57E4DDEF-945C-46A7-A889-3B2E9B2B7096}.Debug|Win32.ActiveCfg = Debug|Win32
		{57E4DDEF-945C-46A7-A889-3B2E9B2B7096}.Debug|Win32.Build.0 = Debug|Win32
		{57E4DDEF-945C-46A7-A889-3B2E9B2B7096}.Debug|x64.ActiveCfg = Debug|x64
		{57E4DDEF-945C-46A7-A889-3B2E9B2B7096}.Debug|x64.Build.0 = Debug|x64
		{57E4DDEF-945C-46A7-A889-3B2E9B2B7096}.Release|Mixed Platforms.ActiveCfg = Release|Win32
		{57E4DDEF-945C-46A7-A889-3B2E9B2B7096}.Release|Mixed Platforms.Build.0 = Release|Win32
		{57E4DDEF-945C-46A7-A889-3B2E9B2B7096}.Release|Win32.ActiveCfg = Release|Win32
		{57E4DDEF-945C-46A7-A889-3B2E9B2B7096}.Release|Win32.Build.0 = Release|Win32
		{57E4DDEF-945C-46A7-A889-3B2E9B2B7096}.Release|x64.ActiveCfg = Release|x64
		{57E4DDEF-945C-46A7-A889-3B2E9B2B7096}.Release|x64.Build.0 = Release|x64
		{675E4C9D-E1D2-49AD-B7C0-261B4403F0A1}.Debug|Mixed Platforms.ActiveCfg = Debug|Win32
		{675E4C9D-E1D2-49AD-B7C0-261B4403F0A1}.Debug|Mixed Platforms.Build.0 = Debug|Win32
		{675E4C9D-E1D2-49AD-B7C0-261B4403F0A1}.Debug|Win32.ActiveCfg = Debug|Win32
		{675E4C9D-E1D2-49AD-B7C0-261B4403F0A1}.Debug|Win32.Build.0 = Debug|Win32
		{675E4C9D-E1D2-49AD-B7C0-261B4403F0A1}.Debug|x64.ActiveCfg = Debug|x64
		{675E4C9D-E1D2-49AD-B7C0-261B4403F0A1}.Debug|x64.Build.0 = Debug|x64
		{675E4C9D-E1D2-49AD-B7C0-261B4403F0A1}.Release|Mixed Platforms.ActiveCfg = Release|Win32
		{675E4C9D-E1D2-49AD-B7C0-261B4403F0A1}.Release|Mixed Platforms.Build.0 = Release|Win32
		{675E4C9D-E1D2-49AD-B7C0-261B4403F0A1}.Release|Win32.ActiveCfg = Release|Win32
		{675E4C9D-E1D2-49AD-B7C0-261B4403F0A1}.Release|Win32.Build.0 = Release|Win32
		{675E4C9D-E1D2-49AD-B7C0-261B4403F0A1}.Release|x64.ActiveCfg = Release|x64
		{675E4C9D-E1D2-49AD-B7C0-261B4403F0A1}.Release|x64.Build.0 = Release|x64
		{675E4C9D-E1D3-49AD-B7C0-261B4403F0A1}.Debug|Mixed Platforms.ActiveCfg = Debug|Win32
		{675E4C9D-E1D3-49AD-B7C0-261B4403F0A1}.Debug|Mixed Platforms.Build.0 = Debug|Win32
		{675E4C9D-E1D3-49AD-B7C0-261B4403F0A1}.Debug|Win32.ActiveCfg = Debug|Win32
		{675E4C9D-E1D3-49AD-B7C0-261B4403F0A1}.Debug|Win32.Build.0 = Debug|Win32
		{675E4C9D-E1D3-49AD-B7C0-261B4403F0A1}.Debug|x64.ActiveCfg = Debug|x64
		{675E4C9D-E1D3-49AD-B7C0-261B4403F0A1}.Debug|x64.Build.0 = Debug|x64
		{675E4C9D-E1D3-49AD-B7C0-261B4403F0A1}.Release|Mixed Platforms.ActiveCfg = Release|Win32
		{675E4C9D-E1D3-49AD-B7C0-261B4403F0A1}.Release|Mixed Platforms.Build.0 = Release|Win32
		{675E4C9D-E1D3-49AD-B7C0-261B4403F0A1}.Release|Win32.ActiveCfg = Release|Win32
		{675E4C9D-E1D3-49AD-B7C0-261B4403F0A1}.Release|Win32.Build.0 = Release|Win32
		{675E4C9D-E1D3-49AD-B7C0-261B4403F0A1}.Release|x64.ActiveCfg = Release|x64
		{675E4C9D-E1D3-49AD-B7C0-261B4403F0A1}.Release|x64.Build.0 = Release|x64
		{57E4DDEF-945D-46A7-A889-3B2E9B2B7096}.Debug|Mixed Platforms.ActiveCfg = Debug|Win32
		{57E4DDEF-945D-46A7-A889-3B2E9B2B7096}.Debug|Mixed Platforms.Build.0 = Debug|Win32
		{57E4DDEF-945D-46A7-A889-3B2E9B2B7096}.Debug|Win32.ActiveCfg = Debug|Win32
		{57E4DDEF-945D-46A7-A889-3B2E9B2B7096}.Debug|Win32.Build.0 = Debug|Win32
		{57E4DDEF-945D-46A7-A889-3B2E9B2B7096}.Debug|x64.ActiveCfg = Debug|x64
		{57E4DDEF-945D-46A7-A889-3B2E9B2B7096}.Debug|x64.Build.0 = Debug|x64
		{57E4DDEF-945D-46A7-A889-3B2E9B2B7096}.Release|Mixed Platforms.ActiveCfg = Release|Win32
		{57E4DDEF-945D-46A7-A889-3B2E9B2B7096}.Release|Mixed Platforms.Build.0 = Release|Win32
		{57E4DDEF-945D-46A7-A889-3B2E9B2B7096}.Release|Win32.ActiveCfg = Release|Win32
		{57E4DDEF-945D-46A7-A889-3B2E9B2B7096}.Release|Win32.Build.0 = Release|Win32
		{57E4DDEF-945D-46A7-A889-3B2E9B2B7096}.Release|x64.ActiveCfg = Release|x64
		{57E4DDEF-945D-46A7-A889-3B2E9B2B7096}.Release|x64.Build.0 = Release|x64
		{8FE983E8-8B32-4524-9BEF-1303B7ABC143}.Debug|Mixed Platforms.ActiveCfg = Debug|Win32
		{8FE983E8-8B32-4524-9BEF-1303B7ABC143}.Debug|Mixed Platforms.Build.0 = Debug|Win32
		{8FE983E8-8B32-4524-9BEF-1303B7ABC143}.Debug|Win32.ActiveCfg = Debug|Win32
		{8FE983E8-8B32-4524-9BEF-1303B7ABC143}.Debug|Win32.Build.0 = Debug|Win32
		{8FE983E8-8B32-4524-9BEF-1303B7ABC143}.Debug|x64.ActiveCfg = Debug|x64
		{8FE983E8-8B32-4524-9BEF-1303B7ABC143}.Debug|x64.Build.0 = Debug|x64
		{8FE983E8-8B32-4524-9BEF-1303B7ABC143}.Release|Mixed Platforms.ActiveCfg = Release|Win32
		{8FE983E8-8B32-4524-9BEF-1303B7ABC143}.Release|Mixed Platforms.Build.0 = Release|Win32
		{8FE983E8-8B32-4524-9BEF-1303B7ABC143}.Release|Win32.ActiveCfg = Release|Win32
		{8FE983E8-8B32-4524-9BEF-1303B7ABC143}.Release|Win32.Build.0 = Release|Win32
		{8FE983E8-8B32-4524-9BEF-1303B7ABC143}.Release|x64.ActiveCfg = Release|x64
		{8FE983E8-8B32-4524-9BEF-1303B7ABC143}.Release|x64.Build.0 = Release|x64
		{57E4DDEF-945D-46A7-A189-3B2E9B2B7096}.Debug|Mixed Platforms.ActiveCfg = Debug|Win32
		{57E4DDEF-945D-46A7-A189-3B2E9B2B7096}.Debug|Mixed Platforms.Build.0 = Debug|Win32
		{57E4DDEF-945D-46A7-A189-3B2E9B2B7096}.Debug|Win32.ActiveCfg = Debug|Win32
		{57E4DDEF-945D-46A7-A189-3B2E9B2B7096}.Debug|Win32.Build.0 = Debug|Win32
		{57E4DDEF-945D-46A7-A189-3B2E9B2B7096}.Debug|x64.ActiveCfg = Debug|x64
		{57E4DDEF-945D-46A7-A189-3B2E9B2B7096}.Debug|x64.Build.0 = Debug|x64
		{57E4DDEF-945D-46A7-A189-3B2E9B2B7096}.Release|Mixed Platforms.ActiveCfg = Release|Win32
		{57E4DDEF-945D-46A7-A189-3B2E9B2B7096}.Release|Mixed Platforms.Build.0 = Release|Win32
		{57E4DDEF-945D-46A7-A189-3B2E9B2B7096}.Release|Win32.ActiveCfg = Release|Win32
		{57E4DDEF-945D-46A7-A189-3B2E9B2B7096}.Release|Win32.Build.0 = Release|Win32
		{57E4DDEF-945D-46A7-A189-3B2E9B2B7096}.Release|x64.ActiveCfg = Release|x64
		{57E4DDEF-945D-46A7-A189-3B2E9B2B7096}.Release|x64.Build.0 = Release|x64
		{8FE983E8-8B32-4524-9BEF-1311B7ABC142}.Debug|Mixed Platforms.ActiveCfg = Debug|Win32
		{8FE983E8-8B32-4524-9BEF-1311B7ABC142}.Debug|Mixed Platforms.Build.0 = Debug|Win32
		{8FE983E8-8B32-4524-9BEF-1311B7ABC142}.Debug|Win32.ActiveCfg = Debug|Win32
		{8FE983E8-8B32-4524-9BEF-1311B7ABC142}.Debug|Win32.Build.0 = Debug|Win32
		{8FE983E8-8B32-4524-9BEF-1311B7ABC142}.Debug|x64.ActiveCfg = Debug|x64
		{8FE983E8-8B32-4524-9BEF-1311B7ABC142}.Debug|x64.Build.0 = Debug|x64
		{8FE983E8-8B32-4524-9BEF-1311B7ABC142}.Release|Mixed Platforms.ActiveCfg = Release|Win32
		{8FE983E8-8B32-4524-9BEF-1311B7ABC142}.Release|Mixed Platforms.Build.0 = Release|Win32
		{8FE983E8-8B32-4524-9BEF-1311B7ABC142}.Release|Win32.ActiveCfg = Release|Win32
		{8FE983E8-8B32-4524-9BEF-1311B7ABC142}.Release|Win32.Build.0 = Release|Win32
		{8FE983E8-8B32-4524-9BEF-1311B7ABC142}.Release|x64.ActiveCfg = Release|x64
		{8FE983E8-8B32-4524-9BEF-1311B7ABC142}.Release|x64.Build.0 = Release|x64
		{D11CE71E-716F-46B0-9DDD-74125DA7985A}.Debug|Mixed Platforms.ActiveCfg = Debug|Win32
		{D11CE71E-716F-46B0-9DDD-74125DA7985A}.Debug|Mixed Platforms.Build.0 = Debug|Win32
		{D11CE71E-716F-46B0-9DDD-74125DA7985A}.Debug|Win32.ActiveCfg = Debug|Win32
		{D11CE71E-716F-46B0-9DDD-74125DA7985A}.Debug|Win32.Build.0 = Debug|Win32
		{D11CE71E-716F-46B0-9DDD-74125DA7985A}.Debug|x64.ActiveCfg = Debug|x64
		{D11CE71E-716F-46B0-9DDD-74125DA7985A}.Debug|x64.Build.0 = Debug|x64
		{D11CE71E-716F-46B0-9DDD-74125DA7985A}.Release|Mixed Platforms.ActiveCfg = Release|Win32
		{D11CE71E-716F-46B0-9DDD-74125DA7985A}.Release|Mixed Platforms.Build.0 = Release|Win32
		{D11CE71E-716F-46B0-9DDD-74125DA7985A}.Release|Win32.ActiveCfg = Release|Win32
		{D11CE71E-716F-46B0-9DDD-74125DA7985A}.Release|Win32.Build.0 = Release|Win32
		{D11CE71E-716F-46B0-9DDD-74125DA7985A}.Release|x64.ActiveCfg = Release|x64
		{D11CE71E-716F-46B0-9DDD-74125DA7985A}.Release|x64.Build.0 = Release|x64
		{57E4D0EF-945D-46A7-A189-208A9B2B7096}.Debug|Mixed Platforms.ActiveCfg = Debug|Win32
		{57E4D0EF-945D-46A7-A189-208A9B2B7096}.Debug|Mixed Platforms.Build.0 = Debug|Win32
		{57E4D0EF-945D-46A7-A189-208A9B2B7096}.Debug|Win32.ActiveCfg = Debug|Win32
		{57E4D0EF-945D-46A7-A189-208A9B2B7096}.Debug|Win32.Build.0 = Debug|Win32
		{57E4D0EF-945D-46A7-A189-208A9B2B7096}.Debug|x64.ActiveCfg = Debug|x64
		{57E4D0EF-945D-46A7-A189-208A9B2B7096}.Debug|x64.Build.0 = Debug|x64
		{57E4D0EF-945D-46A7-A189-208A9B2B7096}.Release|Mixed Platforms.ActiveCfg = Release|Win32
		{57E4D0EF-945D-46A7-A189-208A9B2B7096}.Release|Mixed Platforms.Build.0 = Release|Win32
		{57E4D0EF-945D-46A7-A189-208A9B2B7096}.Release|Win32.ActiveCfg = Release|Win32
		{57E4D0EF-945D-46A7-A189-208A9B2B7096}.Release|Win32.Build.0 = Release|Win32
		{57E4D0EF-945D-46A7-A189-208A9B2B7096}.Release|x64.ActiveCfg = Release|x64
		{57E4D0EF-945D-46A7-A189-208A9B2B7096}.Release|x64.Build.0 = Release|x64
		{57E4D0EF-945D-46A7-B189-20940FFB7096}.Debug|Mixed Platforms.ActiveCfg = Debug|Win32
		{57E4D0EF-945D-46A7-B189-20940FFB7096}.Debug|Mixed Platforms.Build.0 = Debug|Win32
		{57E4D0EF-945D-46A7-B189-20940FFB7096}.Debug|Win32.ActiveCfg = Debug|Win32
		{57E4D0EF-945D-46A7-B189-20940FFB7096}.Debug|Win32.Build.0 = Debug|Win32
		{57E4D0EF-945D-46A7-B189-20940FFB7096}.Debug|x64.ActiveCfg = Debug|x64
		{57E4D0EF-945D-46A7-B189-20940FFB7096}.Debug|x64.Build.0 = Debug|x64
		{57E4D0EF-945D-46A7-B189-20940FFB7096}.Release|Mixed Platforms.ActiveCfg = Release|Win32
		{57E4D0EF-945D-46A7-B189-20940FFB7096}.Release|Mixed Platforms.Build.0 = Release|Win32
		{57E4D0EF-945D-46A7-B189-20940FFB7096}.Release|Win32.ActiveCfg = Release|Win32
		{57E4D0EF-945D-46A7-B189-20940FFB7096}.Release|Win32.Build.0 = Release|Win32
		{57E4D0EF-945D-46A7-B189-20940FFB7096}.Release|x64.ActiveCfg = Release|x64
		{57E4D0EF-945D-46A7-B189-20940FFB7096}.Release|x64.Build.0 = Release|x64
		{10DCD767-DFBE-4096-9258-111D4CF899B1}.Debug|Mixed Platforms.ActiveCfg = Debug|Win32
		{10DCD767-DFBE-4096-9258-111D4CF899B1}.Debug|Mixed Platforms.Build.0 = Debug|Win32
		{10DCD767-DFBE-4096-9258-111D4CF899B1}.Debug|Win32.ActiveCfg = Debug|Win32
		{10DCD767-DFBE-4096-9258-111D4CF899B1}.Debug|Win32.Build.0 = Debug|Win32
		{10DCD767-DFBE-4096-9258-111D4CF899B1}.Debug|x64.ActiveCfg = Debug|x64
		{10DCD767-DFBE-4096-9258-111D4CF899B1}.Debug|x64.Build.0 = Debug|x64
		{10DCD767-DFBE-4096-9258-111D4CF899B1}.Release|Mixed Platforms.ActiveCfg = Release|Win32
		{10DCD767-DFBE-4096-9258-111D4CF899B1}.Release|Mixed Platforms.Build.0 = Release|Win32
		{10DCD767-DFBE-4096-9258-111D4CF899B1}.Release|Win32.ActiveCfg = Release|Win32
		{10DCD767-DFBE-4096-9258-111D4CF899B1}.Release|Win32.Build.0 = Release|Win32
		{10DCD767-DFBE-4096-9258-111D4CF899B1}.Release|x64.ActiveCfg = Release|x64
		{10DCD767-DFBE-4096-9258-111D4CF899B1}.Release|x64.Build.0 = Release|x64
		{11DCD767-DFBE-4196-9258-111D4CAF09B0}.Debug|Mixed Platforms.ActiveCfg = Debug|Win32
		{11DCD767-DFBE-4196-9258-111D4CAF09B0}.Debug|Mixed Platforms.Build.0 = Debug|Win32
		{11DCD767-DFBE-4196-9258-111D4CAF09B0}.Debug|Win32.ActiveCfg = Debug|Win32
		{11DCD767-DFBE-4196-9258-111D4CAF09B0}.Debug|Win32.Build.0 = Debug|Win32
		{11DCD767-DFBE-4196-9258-111D4CAF09B0}.Debug|x64.ActiveCfg = Debug|x64
		{11DCD767-DFBE-4196-9258-111D4CAF09B0}.Debug|x64.Build.0 = Debug|x64
		{11DCD767-DFBE-4196-9258-111D4CAF09B0}.Release|Mixed Platforms.ActiveCfg = Release|Win32
		{11DCD767-DFBE-4196-9258-111D4CAF09B0}.Release|Mixed Platforms.Build.0 = Release|Win32
		{11DCD767-DFBE-4196-9258-111D4CAF09B0}.Release|Win32.ActiveCfg = Release|Win32
		{11DCD767-DFBE-4196-9258-111D4CAF09B0}.Release|Win32.Build.0 = Release|Win32
		{11DCD767-DFBE-4196-9258-111D4CAF09B0}.Release|x64.ActiveCfg = Release|x64
		{11DCD767-DFBE-4196-9258-111D4CAF09B0}.Release|x64.Build.0 = Release|x64
		{B82D2DF8-F1B2-4331-86D2-508BBD806507}.Debug|Mixed Platforms.ActiveCfg = Debug|Win32
		{B82D2DF8-F1B2-4331-86D2-508BBD806507}.Debug|Mixed Platforms.Build.0 = Debug|Win32
		{B82D2DF8-F1B2-4331-86D2-508BBD806507}.Debug|Win32.ActiveCfg = Debug|Win32
		{B82D2DF8-F1B2-4331-86D2-508BBD806507}.Debug|Win32.Build.0 = Debug|Win32
		{B82D2DF8-F1B2-4331-86D2-508BBD806507}.Debug|x64.ActiveCfg = Debug|x64
		{B82D2DF8-F1B2-4331-86D2-508BBD806507}.Debug|x64.Build.0 = Debug|x64
		{B82D2DF8-F1B2-4331-86D2-508BBD806507}.Release|Mixed Platforms.ActiveCfg = Release|Win32
		{B82D2DF8-F1B2-4331-86D2-508BBD806507}.Release|Mixed Platforms.Build.0 = Release|Win32
		{B82D2DF8-F1B2-4331-86D2-508BBD806507}.Release|Win32.ActiveCfg = Release|Win32
		{B82D2DF8-F1B2-4331-86D2-508BBD806507}.Release|Win32.Build.0 = Release|Win32
		{B82D2DF8-F1B2-4331-86D2-508BBD806507}.Release|x64.ActiveCfg = Release|x64
		{B82D2DF8-F1B2-4331-86D2-508BBD806507}.Release|x64.Build.0 = Release|x64
		{D11CE719-716F-46B0-9DDA-74125DA7985A}.Debug|Mixed Platforms.ActiveCfg = Debug|Win32
		{D11CE719-716F-46B0-9DDA-74125DA7985A}.Debug|Mixed Platforms.Build.0 = Debug|Win32
		{D11CE719-716F-46B0-9DDA-74125DA7985A}.Debug|Win32.ActiveCfg = Debug|Win32
		{D11CE719-716F-46B0-9DDA-74125DA7985A}.Debug|Win32.Build.0 = Debug|Win32
		{D11CE719-716F-46B0-9DDA-74125DA7985A}.Debug|x64.ActiveCfg = Debug|x64
		{D11CE719-716F-46B0-9DDA-74125DA7985A}.Debug|x64.Build.0 = Debug|x64
		{D11CE719-716F-46B0-9DDA-74125DA7985A}.Release|Mixed Platforms.ActiveCfg = Release|Win32
		{D11CE719-716F-46B0-9DDA-74125DA7985A}.Release|Mixed Platforms.Build.0 = Release|Win32
		{D11CE719-716F-46B0-9DDA-74125DA7985A}.Release|Win32.ActiveCfg = Release|Win32
		{D11CE719-716F-46B0-9DDA-74125DA7985A}.Release|Win32.Build.0 = Release|Win32
		{D11CE719-716F-46B0-9DDA-74125DA7985A}.Release|x64.ActiveCfg = Release|x64
		{D11CE719-716F-46B0-9DDA-74125DA7985A}.Release|x64.Build.0 = Release|x64
		{A199816E-52C4-44CE-B8DD-604DCA2398FF}.Debug|Mixed Platforms.ActiveCfg = Debug|Win32
		{A199816E-52C4-44CE-B8DD-604DCA2398FF}.Debug|Mixed Platforms.Build.0 = Debug|Win32
		{A199816E-52C4-44CE-B8DD-604DCA2398FF}.Debug|Win32.ActiveCfg = Debug|Win32
		{A199816E-52C4-44CE-B8DD-604DCA2398FF}.Debug|Win32.Build.0 = Debug|Win32
		{A199816E-52C4-44CE-B8DD-604DCA2398FF}.Debug|x64.ActiveCfg = Debug|x64
		{A199816E-52C4-44CE-B8DD-604DCA2398FF}.Debug|x64.Build.0 = Debug|x64
		{A199816E-52C4-44CE-B8DD-604DCA2398FF}.Release|Mixed Platforms.ActiveCfg = Release|Win32
		{A199816E-52C4-44CE-B8DD-604DCA2398FF}.Release|Mixed Platforms.Build.0 = Release|Win32
		{A199816E-52C4-44CE-B8DD-604DCA2398FF}.Release|Win32.ActiveCfg = Release|Win32
		{A199816E-52C4-44CE-B8DD-604DCA2398FF}.Release|Win32.Build.0 = Release|Win32
		{A199816E-52C4-44CE-B8DD-604DCA2398FF}.Release|x64.ActiveCfg = Release|x64
		{A199816E-52C4-44CE-B8DD-604DCA2398FF}.Release|x64.Build.0 = Release|x64
		{3E6B895E-36F2-49E6-AAFB-CA714D582402}.Debug|Mixed Platforms.ActiveCfg = Debug|Win32
		{3E6B895E-36F2-49E6-AAFB-CA714D582402}.Debug|Mixed Platforms.Build.0 = Debug|Win32
		{3E6B895E-36F2-49E6-AAFB-CA714D582402}.Debug|Win32.ActiveCfg = Debug|Win32
		{3E6B895E-36F2-49E6-AAFB-CA714D582402}.Debug|Win32.Build.0 = Debug|Win32
		{3E6B895E-36F2-49E6-AAFB-CA714D582402}.Debug|x64.ActiveCfg = Debug|x64
		{3E6B895E-36F2-49E6-AAFB-CA714D582402}.Debug|x64.Build.0 = Debug|x64
		{3E6B895E-36F2-49E6-AAFB-CA714D582402}.Release|Mixed Platforms.ActiveCfg = Release|Win32
		{3E6B895E-36F2-49E6-AAFB-CA714D582402}.Release|Mixed Platforms.Build.0 = Release|Win32
		{3E6B895E-36F2-49E6-AAFB-CA714D582402}.Release|Win32.ActiveCfg = Release|Win32
		{3E6B895E-36F2-49E6-AAFB-CA714D582402}.Release|Win32.Build.0 = Release|Win32
		{3E6B895E-36F2-49E6-AAFB-CA714D582402}.Release|x64.ActiveCfg = Release|x64
		{3E6B895E-36F2-49E6-AAFB-CA714D582402}.Release|x64.Build.0 = Release|x64
		{D12AE71E-716F-46B0-9DEF-74125DA7985A}.Debug|Mixed Platforms.ActiveCfg = Debug|Win32
		{D12AE71E-716F-46B0-9DEF-74125DA7985A}.Debug|Mixed Platforms.Build.0 = Debug|Win32
		{D12AE71E-716F-46B0-9DEF-74125DA7985A}.Debug|Win32.ActiveCfg = Debug|Win32
		{D12AE71E-716F-46B0-9DEF-74125DA7985A}.Debug|Win32.Build.0 = Debug|Win32
		{D12AE71E-716F-46B0-9DEF-74125DA7985A}.Debug|x64.ActiveCfg = Debug|x64
		{D12AE71E-716F-46B0-9DEF-74125DA7985A}.Debug|x64.Build.0 = Debug|x64
		{D12AE71E-716F-46B0-9DEF-74125DA7985A}.Release|Mixed Platforms.ActiveCfg = Release|Win32
		{D12AE71E-716F-46B0-9DEF-74125DA7985A}.Release|Mixed Platforms.Build.0 = Release|Win32
		{D12AE71E-716F-46B0-9DEF-74125DA7985A}.Release|Win32.ActiveCfg = Release|Win32
		{D12AE71E-716F-46B0-9DEF-74125DA7985A}.Release|Win32.Build.0 = Release|Win32
		{D12AE71E-716F-46B0-9DEF-74125DA7985A}.Release|x64.ActiveCfg = Release|x64
		{D12AE71E-716F-46B0-9DEF-74125DA7985A}.Release|x64.Build.0 = Release|x64
		{D12AE71E-716F-46B0-9DDD-74125DA7985A}.Debug|Mixed Platforms.ActiveCfg = Debug|Win32
		{D12AE71E-716F-46B0-9DDD-74125DA7985A}.Debug|Mixed Platforms.Build.0 = Debug|Win32
		{D12AE71E-716F-46B0-9DDD-74125DA7985A}.Debug|Win32.ActiveCfg = Debug|Win32
		{D12AE71E-716F-46B0-9DDD-74125DA7985A}.Debug|Win32.Build.0 = Debug|Win32
		{D12AE71E-716F-46B0-9DDD-74125DA7985A}.Debug|x64.ActiveCfg = Debug|x64
		{D12AE71E-716F-46B0-9DDD-74125DA7985A}.Debug|x64.Build.0 = Debug|x64
		{D12AE71E-716F-46B0-9DDD-74125DA7985A}.Release|Mixed Platforms.ActiveCfg = Release|Win32
		{D12AE71E-716F-46B0-9DDD-74125DA7985A}.Release|Mixed Platforms.Build.0 = Release|Win32
		{D12AE71E-716F-46B0-9DDD-74125DA7985A}.Release|Win32.ActiveCfg = Release|Win32
		{D12AE71E-716F-46B0-9DDD-74125DA7985A}.Release|Win32.Build.0 = Release|Win32
		{D12AE71E-716F-46B0-9DDD-74125DA7985A}.Release|x64.ActiveCfg = Release|x64
		{D12AE71E-716F-46B0-9DDD-74125DA7985A}.Release|x64.Build.0 = Release|x64
		{0C5D0A1D-A98A-1A4A-A954-E23CAA9611A6}.Debug|Mixed Platforms.ActiveCfg = Debug|Win32
		{0C5D0A1D-A98A-1A4A-A954-E23CAA9611A6}.Debug|Mixed Platforms.Build.0 = Debug|Win32
		{0C5D0A1D-A98A-1A4A-A954-E23CAA9611A6}.Debug|Win32.ActiveCfg = Debug|Win32
		{0C5D0A1D-A98A-1A4A-A954-E23CAA9611A6}.Debug|Win32.Build.0 = Debug|Win32
		{0C5D0A1D-A98A-1A4A-A954-E23CAA9611A6}.Debug|x64.ActiveCfg = Debug|x64
		{0C5D0A1D-A98A-1A4A-A954-E23CAA9611A6}.Debug|x64.Build.0 = Debug|x64
		{0C5D0A1D-A98A-1A4A-A954-E23CAA9611A6}.Release|Mixed Platforms.ActiveCfg = Release|Win32
		{0C5D0A1D-A98A-1A4A-A954-E23CAA9611A6}.Release|Mixed Platforms.Build.0 = Release|Win32
		{0C5D0A1D-A98A-1A4A-A954-E23CAA9611A6}.Release|Win32.ActiveCfg = Release|Win32
		{0C5D0A1D-A98A-1A4A-A954-E23CAA9611A6}.Release|Win32.Build.0 = Release|Win32
		{0C5D0A1D-A98A-1A4A-A954-E23CAA9611A6}.Release|x64.ActiveCfg = Release|x64
		{0C5D0A1D-A98A-1A4A-A954-E23CAA9611A6}.Release|x64.Build.0 = Release|x64
		{5B3178D7-E536-4FF0-A749-213C95FB3084}.Debug|Mixed Platforms.ActiveCfg = Debug|Win32
		{5B3178D7-E536-4FF0-A749-213C95FB3084}.Debug|Mixed Platforms.Build.0 = Debug|Win32
		{5B3178D7-E536-4FF0-A749-213C95FB3084}.Debug|Win32.ActiveCfg = Debug|Win32
		{5B3178D7-E536-4FF0-A749-213C95FB3084}.Debug|Win32.Build.0 = Debug|Win32
		{5B3178D7-E536-4FF0-A749-213C95FB3084}.Debug|x64.ActiveCfg = Debug|x64
		{5B3178D7-E536-4FF0-A749-213C95FB3084}.Debug|x64.Build.0 = Debug|x64
		{5B3178D7-E536-4FF0-A749-213C95FB3084}.Release|Mixed Platforms.ActiveCfg = Release|Win32
		{5B3178D7-E536-4FF0-A749-213C95FB3084}.Release|Mixed Platforms.Build.0 = Release|Win32
		{5B3178D7-E536-4FF0-A749-213C95FB3084}.Release|Win32.ActiveCfg = Release|Win32
		{5B3178D7-E536-4FF0-A749-213C95FB3084}.Release|Win32.Build.0 = Release|Win32
		{5B3178D7-E536-4FF0-A749-213C95FB3084}.Release|x64.ActiveCfg = Release|x64
		{5B3178D7-E536-4FF0-A749-213C95FB3084}.Release|x64.Build.0 = Release|x64
		{2FB00CD0-729B-42C6-8D25-19E47780B0E7}.Debug|Mixed Platforms.ActiveCfg = Debug|Win32
		{2FB00CD0-729B-42C6-8D25-19E47780B0E7}.Debug|Mixed Platforms.Build.0 = Debug|Win32
		{2FB00CD0-729B-42C6-8D25-19E47780B0E7}.Debug|Win32.ActiveCfg = Debug|Win32
		{2FB00CD0-729B-42C6-8D25-19E47780B0E7}.Debug|Win32.Build.0 = Debug|Win32
		{2FB00CD0-729B-42C6-8D25-19E47780B0E7}.Debug|x64.ActiveCfg = Debug|x64
		{2FB00CD0-729B-42C6-8D25-19E47780B0E7}.Debug|x64.Build.0 = Debug|x64
		{2FB00CD0-729B-42C6-8D25-19E47780B0E7}.Release|Mixed Platforms.ActiveCfg = Release|Win32
		{2FB00CD0-729B-42C6-8D25-19E47780B0E7}.Release|Mixed Platforms.Build.0 = Release|Win32
		{2FB00CD0-729B-42C6-8D25-19E47780B0E7}.Release|Win32.ActiveCfg = Release|Win32
		{2FB00CD0-729B-42C6-8D25-19E47780B0E7}.Release|Win32.Build.0 = Release|Win32
		{2FB00CD0-729B-42C6-8D25-19E47780B0E7}.Release|x64.ActiveCfg = Release|x64
		{2FB00CD0-729B-42C6-8D25-19E47780B0E7}.Release|x64.Build.0 = Release|x64
		{C89FB574-EA26-4036-8662-90ADA48FD8D3}.Debug|Mixed Platforms.ActiveCfg = Debug|Win32
		{C89FB574-EA26-4036-8662-90ADA48FD8D3}.Debug|Mixed Platforms.Build.0 = Debug|Win32
		{C89FB574-EA26-4036-8662-90ADA48FD8D3}.Debug|Win32.ActiveCfg = Debug|Win32
		{C89FB574-EA26-4036-8662-90ADA48FD8D3}.Debug|Win32.Build.0 = Debug|Win32
		{C89FB574-EA26-4036-8662-90ADA48FD8D3}.Debug|x64.ActiveCfg = Debug|x64
		{C89FB574-EA26-4036-8662-90ADA48FD8D3}.Debug|x64.Build.0 = Debug|x64
		{C89FB574-EA26-4036-8662-90ADA48FD8D3}.Release|Mixed Platforms.ActiveCfg = Release|Win32
		{C89FB574-EA26-4036-8662-90ADA48FD8D3}.Release|Mixed Platforms.Build.0 = Release|Win32
		{C89FB574-EA26-4036-8662-90ADA48FD8D3}.Release|Win32.ActiveCfg = Release|Win32
		{C89FB574-EA26-4036-8662-90ADA48FD8D3}.Release|Win32.Build.0 = Release|Win32
		{C89FB574-EA26-4036-8662-90ADA48FD8D3}.Release|x64.ActiveCfg = Release|x64
		{C89FB574-EA26-4036-8662-90ADA48FD8D3}.Release|x64.Build.0 = Release|x64
	EndGlobalSection
	GlobalSection(SolutionProperties) = preSolution
		HideSolutionNode = FALSE
	EndGlobalSection
	GlobalSection(DPCodeReviewSolutionGUID) = preSolution
		DPCodeReviewSolutionGUID = {00000000-0000-0000-0000-000000000000}
	EndGlobalSection
EndGlobal
