
Microsoft Visual Studio Solution File, Format Version 9.00
# Visual C++ Express 2005
Project("{8BC9CEB8-8B4A-11D0-8D11-00A0C91BC942}") = "db1", "db1\db1.vcproj", "{798D7AB5-9E4D-4A15-B4E5-386AFAF73551}"
	ProjectSection(ProjectDependencies) = postProject
		{B67EAC5F-44B2-4C13-8DEE-F7AD5AEA8BCC} = {B67EAC5F-44B2-4C13-8DEE-F7AD5AEA8BCC}
	EndProjectSection
EndProject
Project("{8BC9CEB8-8B4A-11D0-8D11-00A0C91BC942}") = "db2", "db2\db2.vcproj", "{0B044488-FD95-4F71-B9E6-66651005A454}"
	ProjectSection(ProjectDependencies) = postProject
		{B67EAC5F-44B2-4C13-8DEE-F7AD5AEA8BCC} = {B67EAC5F-44B2-4C13-8DEE-F7AD5AEA8BCC}
	EndProjectSection
EndProject
Project("{8BC9CEB8-8B4A-11D0-8D11-00A0C91BC942}") = "db3", "db3\db3.vcproj", "{ED9F6D98-AEDD-41D3-B554-7EA32D80321D}"
	ProjectSection(ProjectDependencies) = postProject
		{B67EAC5F-44B2-4C13-8DEE-F7AD5AEA8BCC} = {B67EAC5F-44B2-4C13-8DEE-F7AD5AEA8BCC}
	EndProjectSection
EndProject
Project("{8BC9CEB8-8B4A-11D0-8D11-00A0C91BC942}") = "dll", "dll\dll.vcproj", "{B72C979F-48B0-4D06-905C-768653F0496C}"
EndProject
Project("{8BC9CEB8-8B4A-11D0-8D11-00A0C91BC942}") = "lib", "lib\lib.vcproj", "{B67EAC5F-44B2-4C13-8DEE-F7AD5AEA8BCC}"
EndProject
Global
	GlobalSection(SolutionConfigurationPlatforms) = preSolution
		Debug|Win32 = Debug|Win32
		Release|Win32 = Release|Win32
	EndGlobalSection
	GlobalSection(ProjectConfigurationPlatforms) = postSolution
		{798D7AB5-9E4D-4A15-B4E5-386AFAF73551}.Debug|Win32.ActiveCfg = Debug|Win32
		{798D7AB5-9E4D-4A15-B4E5-386AFAF73551}.Debug|Win32.Build.0 = Debug|Win32
		{798D7AB5-9E4D-4A15-B4E5-386AFAF73551}.Release|Win32.ActiveCfg = Release|Win32
		{798D7AB5-9E4D-4A15-B4E5-386AFAF73551}.Release|Win32.Build.0 = Release|Win32
		{0B044488-FD95-4F71-B9E6-66651005A454}.Debug|Win32.ActiveCfg = Debug|Win32
		{0B044488-FD95-4F71-B9E6-66651005A454}.Debug|Win32.Build.0 = Debug|Win32
		{0B044488-FD95-4F71-B9E6-66651005A454}.Release|Win32.ActiveCfg = Release|Win32
		{0B044488-FD95-4F71-B9E6-66651005A454}.Release|Win32.Build.0 = Release|Win32
		{ED9F6D98-AEDD-41D3-B554-7EA32D80321D}.Debug|Win32.ActiveCfg = Debug|Win32
		{ED9F6D98-AEDD-41D3-B554-7EA32D80321D}.Debug|Win32.Build.0 = Debug|Win32
		{ED9F6D98-AEDD-41D3-B554-7EA32D80321D}.Release|Win32.ActiveCfg = Release|Win32
		{ED9F6D98-AEDD-41D3-B554-7EA32D80321D}.Release|Win32.Build.0 = Release|Win32
		{B72C979F-48B0-4D06-905C-768653F0496C}.Debug|Win32.ActiveCfg = Debug|Win32
		{B72C979F-48B0-4D06-905C-768653F0496C}.Debug|Win32.Build.0 = Debug|Win32
		{B72C979F-48B0-4D06-905C-768653F0496C}.Release|Win32.ActiveCfg = Release|Win32
		{B72C979F-48B0-4D06-905C-768653F0496C}.Release|Win32.Build.0 = Release|Win32
		{B67EAC5F-44B2-4C13-8DEE-F7AD5AEA8BCC}.Debug|Win32.ActiveCfg = Debug|Win32
		{B67EAC5F-44B2-4C13-8DEE-F7AD5AEA8BCC}.Debug|Win32.Build.0 = Debug|Win32
		{B67EAC5F-44B2-4C13-8DEE-F7AD5AEA8BCC}.Release|Win32.ActiveCfg = Release|Win32
		{B67EAC5F-44B2-4C13-8DEE-F7AD5AEA8BCC}.Release|Win32.Build.0 = Release|Win32
	EndGlobalSection
	GlobalSection(SolutionProperties) = preSolution
		HideSolutionNode = FALSE
	EndGlobalSection
EndGlobal
