
Microsoft Visual Studio Solution File, Format Version 12.00
# Visual Studio 2013
VisualStudioVersion = 12.0.21005.1
MinimumVisualStudioVersion = 10.0.40219.1
Project("{2150E333-8FDC-42A3-9474-1A3956D46DE8}") = "Solution Items", "Solution Items", "{67923983-952A-4D19-AF71-860119891C04}"
	ProjectSection(SolutionItems) = preProject
		hamsterdb-dotnet.vsmdi = hamsterdb-dotnet.vsmdi
		hamsterdb-dotnet1.vsmdi = hamsterdb-dotnet1.vsmdi
		LocalTestRun.testrunconfig = LocalTestRun.testrunconfig
	EndProjectSection
EndProject
Project("{FAE04EC0-301F-11D3-BF4B-00C04F79EFBC}") = "hamsterdb-dotnet", "hamsterdb-dotnet\hamsterdb-dotnet.csproj", "{47FA701E-9DB5-4A8C-A5BA-E1835EC2FC6C}"
EndProject
Project("{FAE04EC0-301F-11D3-BF4B-00C04F79EFBC}") = "SampleDb1", "samples\SampleDb1\SampleDb1.csproj", "{7318E5FD-BFBF-41F1-BD5E-18BED5BCDA86}"
EndProject
Project("{FAE04EC0-301F-11D3-BF4B-00C04F79EFBC}") = "SampleEnv3", "samples\SampleEnv3\SampleEnv3.csproj", "{04660F45-29FC-4DCF-9774-001C1DEA1036}"
EndProject
Project("{F184B08F-C81C-45F6-A57F-5ABD9991F28F}") = "SampleVb", "samples\SampleVb\SampleVb.vbproj", "{7551E645-6417-4EF3-A01A-EEA8D98C5EC7}"
EndProject
Project("{FAE04EC0-301F-11D3-BF4B-00C04F79EFBC}") = "Unittests", "Unittests\Unittests.csproj", "{F74D21EE-2F0E-4E34-A8C6-B75B21BB17C3}"
EndProject
Global
	GlobalSection(SolutionConfigurationPlatforms) = preSolution
		Debug|Any CPU = Debug|Any CPU
		Debug|x64 = Debug|x64
		Debug|x86 = Debug|x86
		Release|Any CPU = Release|Any CPU
		Release|x64 = Release|x64
		Release|x86 = Release|x86
	EndGlobalSection
	GlobalSection(ProjectConfigurationPlatforms) = postSolution
		{47FA701E-9DB5-4A8C-A5BA-E1835EC2FC6C}.Debug|Any CPU.ActiveCfg = Debug|Any CPU
		{47FA701E-9DB5-4A8C-A5BA-E1835EC2FC6C}.Debug|Any CPU.Build.0 = Debug|Any CPU
		{47FA701E-9DB5-4A8C-A5BA-E1835EC2FC6C}.Debug|x64.ActiveCfg = Debug|x64
		{47FA701E-9DB5-4A8C-A5BA-E1835EC2FC6C}.Debug|x64.Build.0 = Debug|x64
		{47FA701E-9DB5-4A8C-A5BA-E1835EC2FC6C}.Debug|x86.ActiveCfg = Debug|x86
		{47FA701E-9DB5-4A8C-A5BA-E1835EC2FC6C}.Debug|x86.Build.0 = Debug|x86
		{47FA701E-9DB5-4A8C-A5BA-E1835EC2FC6C}.Release|Any CPU.ActiveCfg = Release|Any CPU
		{47FA701E-9DB5-4A8C-A5BA-E1835EC2FC6C}.Release|Any CPU.Build.0 = Release|Any CPU
		{47FA701E-9DB5-4A8C-A5BA-E1835EC2FC6C}.Release|x64.ActiveCfg = Release|x64
		{47FA701E-9DB5-4A8C-A5BA-E1835EC2FC6C}.Release|x64.Build.0 = Release|x64
		{47FA701E-9DB5-4A8C-A5BA-E1835EC2FC6C}.Release|x86.ActiveCfg = Release|x86
		{47FA701E-9DB5-4A8C-A5BA-E1835EC2FC6C}.Release|x86.Build.0 = Release|x86
		{7318E5FD-BFBF-41F1-BD5E-18BED5BCDA86}.Debug|Any CPU.ActiveCfg = Debug|Any CPU
		{7318E5FD-BFBF-41F1-BD5E-18BED5BCDA86}.Debug|Any CPU.Build.0 = Debug|Any CPU
		{7318E5FD-BFBF-41F1-BD5E-18BED5BCDA86}.Debug|x64.ActiveCfg = Debug|x64
		{7318E5FD-BFBF-41F1-BD5E-18BED5BCDA86}.Debug|x64.Build.0 = Debug|x64
		{7318E5FD-BFBF-41F1-BD5E-18BED5BCDA86}.Debug|x86.ActiveCfg = Debug|x86
		{7318E5FD-BFBF-41F1-BD5E-18BED5BCDA86}.Debug|x86.Build.0 = Debug|x86
		{7318E5FD-BFBF-41F1-BD5E-18BED5BCDA86}.Release|Any CPU.ActiveCfg = Release|Any CPU
		{7318E5FD-BFBF-41F1-BD5E-18BED5BCDA86}.Release|Any CPU.Build.0 = Release|Any CPU
		{7318E5FD-BFBF-41F1-BD5E-18BED5BCDA86}.Release|x64.ActiveCfg = Release|x64
		{7318E5FD-BFBF-41F1-BD5E-18BED5BCDA86}.Release|x64.Build.0 = Release|x64
		{7318E5FD-BFBF-41F1-BD5E-18BED5BCDA86}.Release|x86.ActiveCfg = Release|x86
		{7318E5FD-BFBF-41F1-BD5E-18BED5BCDA86}.Release|x86.Build.0 = Release|x86
		{04660F45-29FC-4DCF-9774-001C1DEA1036}.Debug|Any CPU.ActiveCfg = Debug|Any CPU
		{04660F45-29FC-4DCF-9774-001C1DEA1036}.Debug|Any CPU.Build.0 = Debug|Any CPU
		{04660F45-29FC-4DCF-9774-001C1DEA1036}.Debug|x64.ActiveCfg = Debug|x64
		{04660F45-29FC-4DCF-9774-001C1DEA1036}.Debug|x64.Build.0 = Debug|x64
		{04660F45-29FC-4DCF-9774-001C1DEA1036}.Debug|x86.ActiveCfg = Debug|x86
		{04660F45-29FC-4DCF-9774-001C1DEA1036}.Debug|x86.Build.0 = Debug|x86
		{04660F45-29FC-4DCF-9774-001C1DEA1036}.Release|Any CPU.ActiveCfg = Release|Any CPU
		{04660F45-29FC-4DCF-9774-001C1DEA1036}.Release|Any CPU.Build.0 = Release|Any CPU
		{04660F45-29FC-4DCF-9774-001C1DEA1036}.Release|x64.ActiveCfg = Release|x64
		{04660F45-29FC-4DCF-9774-001C1DEA1036}.Release|x64.Build.0 = Release|x64
		{04660F45-29FC-4DCF-9774-001C1DEA1036}.Release|x86.ActiveCfg = Release|x86
		{04660F45-29FC-4DCF-9774-001C1DEA1036}.Release|x86.Build.0 = Release|x86
		{7551E645-6417-4EF3-A01A-EEA8D98C5EC7}.Debug|Any CPU.ActiveCfg = Debug|Any CPU
		{7551E645-6417-4EF3-A01A-EEA8D98C5EC7}.Debug|Any CPU.Build.0 = Debug|Any CPU
		{7551E645-6417-4EF3-A01A-EEA8D98C5EC7}.Debug|x64.ActiveCfg = Debug|x64
		{7551E645-6417-4EF3-A01A-EEA8D98C5EC7}.Debug|x64.Build.0 = Debug|x64
		{7551E645-6417-4EF3-A01A-EEA8D98C5EC7}.Debug|x86.ActiveCfg = Debug|x86
		{7551E645-6417-4EF3-A01A-EEA8D98C5EC7}.Debug|x86.Build.0 = Debug|x86
		{7551E645-6417-4EF3-A01A-EEA8D98C5EC7}.Release|Any CPU.ActiveCfg = Release|Any CPU
		{7551E645-6417-4EF3-A01A-EEA8D98C5EC7}.Release|Any CPU.Build.0 = Release|Any CPU
		{7551E645-6417-4EF3-A01A-EEA8D98C5EC7}.Release|x64.ActiveCfg = Release|x64
		{7551E645-6417-4EF3-A01A-EEA8D98C5EC7}.Release|x64.Build.0 = Release|x64
		{7551E645-6417-4EF3-A01A-EEA8D98C5EC7}.Release|x86.ActiveCfg = Release|x86
		{7551E645-6417-4EF3-A01A-EEA8D98C5EC7}.Release|x86.Build.0 = Release|x86
		{F74D21EE-2F0E-4E34-A8C6-B75B21BB17C3}.Debug|Any CPU.ActiveCfg = Debug|Any CPU
		{F74D21EE-2F0E-4E34-A8C6-B75B21BB17C3}.Debug|Any CPU.Build.0 = Debug|Any CPU
		{F74D21EE-2F0E-4E34-A8C6-B75B21BB17C3}.Debug|x64.ActiveCfg = Debug|x64
		{F74D21EE-2F0E-4E34-A8C6-B75B21BB17C3}.Debug|x64.Build.0 = Debug|x64
		{F74D21EE-2F0E-4E34-A8C6-B75B21BB17C3}.Debug|x86.ActiveCfg = Debug|x86
		{F74D21EE-2F0E-4E34-A8C6-B75B21BB17C3}.Debug|x86.Build.0 = Debug|x86
		{F74D21EE-2F0E-4E34-A8C6-B75B21BB17C3}.Release|Any CPU.ActiveCfg = Release|Any CPU
		{F74D21EE-2F0E-4E34-A8C6-B75B21BB17C3}.Release|Any CPU.Build.0 = Release|Any CPU
		{F74D21EE-2F0E-4E34-A8C6-B75B21BB17C3}.Release|x64.ActiveCfg = Release|x64
		{F74D21EE-2F0E-4E34-A8C6-B75B21BB17C3}.Release|x64.Build.0 = Release|x64
		{F74D21EE-2F0E-4E34-A8C6-B75B21BB17C3}.Release|x86.ActiveCfg = Release|x86
		{F74D21EE-2F0E-4E34-A8C6-B75B21BB17C3}.Release|x86.Build.0 = Release|x86
	EndGlobalSection
	GlobalSection(SolutionProperties) = preSolution
		HideSolutionNode = FALSE
	EndGlobalSection
	GlobalSection(TestCaseManagementSettings) = postSolution
		CategoryFile = hamsterdb-dotnet1.vsmdi
	EndGlobalSection
EndGlobal
