
Microsoft Visual Studio Solution File, Format Version 10.00
# Visual Studio 2008
Project("{8BC9CEB8-8B4A-11D0-8D11-00A0C91BC942}") = "lib", "lib.vcproj", "{10DCD767-DFBE-4096-9258-111D4CAF09B0}"
	ProjectSection(ProjectDependencies) = postProject
		{10DCD767-DFBE-4096-9258-111D4CF899B1} = {10DCD767-DFBE-4096-9258-111D4CF899B1}
		{AB39816E-52C4-44CE-B8DD-604DCA380173} = {AB39816E-52C4-44CE-B8DD-604DCA380173}
		{AB99816E-52C4-44CE-B8DD-604DCA380173} = {AB99816E-52C4-44CE-B8DD-604DCA380173}
	EndProjectSection
EndProject
Project("{8BC9CEB8-8B4A-11D0-8D11-00A0C91BC942}") = "dll", "dll.vcproj", "{B82D2DF8-F8B2-4331-86D0-508BBD806507}"
	ProjectSection(ProjectDependencies) = postProject
		{10DCD767-DFBE-4096-9258-111D4CF899B1} = {10DCD767-DFBE-4096-9258-111D4CF899B1}
		{AB39816E-52C4-44CE-B8DD-604DCA380173} = {AB39816E-52C4-44CE-B8DD-604DCA380173}
		{AB99816E-52C4-44CE-B8DD-604DCA380173} = {AB99816E-52C4-44CE-B8DD-604DCA380173}
	EndProjectSection
EndProject
Project("{8BC9CEB8-8B4A-11D0-8D11-00A0C91BC942}") = "sample_db1", "sample_db1.vcproj", "{8FE983E8-8B32-4524-9BEF-1303B7ABC142}"
	ProjectSection(ProjectDependencies) = postProject
		{10DCD767-DFBE-4096-9258-111D4CAF09B0} = {10DCD767-DFBE-4096-9258-111D4CAF09B0}
	EndProjectSection
EndProject
Project("{8BC9CEB8-8B4A-11D0-8D11-00A0C91BC942}") = "sample_db2", "sample_db2.vcproj", "{1D39526E-1AC3-4E5C-B7B6-AD78FD27C4CC}"
	ProjectSection(ProjectDependencies) = postProject
		{10DCD767-DFBE-4096-9258-111D4CAF09B0} = {10DCD767-DFBE-4096-9258-111D4CAF09B0}
	EndProjectSection
EndProject
Project("{8BC9CEB8-8B4A-11D0-8D11-00A0C91BC942}") = "sample_db3", "sample_db3.vcproj", "{54B8A25A-34C1-4472-B690-2B2941BABE69}"
	ProjectSection(ProjectDependencies) = postProject
		{10DCD767-DFBE-4096-9258-111D4CAF09B0} = {10DCD767-DFBE-4096-9258-111D4CAF09B0}
	EndProjectSection
EndProject
Project("{8BC9CEB8-8B4A-11D0-8D11-00A0C91BC942}") = "unittests", "unittests.vcproj", "{0C5D0A1D-A98A-4A4A-A954-EC15F8A611A6}"
	ProjectSection(ProjectDependencies) = postProject
		{10DCD767-DFBE-4096-9258-111D4CAF09B0} = {10DCD767-DFBE-4096-9258-111D4CAF09B0}
		{11DCD767-DFBE-4196-9258-111D4CAF09B0} = {11DCD767-DFBE-4196-9258-111D4CAF09B0}
	EndProjectSection
EndProject
Project("{8BC9CEB8-8B4A-11D0-8D11-00A0C91BC942}") = "sample_env1", "sample_env1.vcproj", "{57E4DDEF-945C-46A7-A889-3B2E9B2B7096}"
	ProjectSection(ProjectDependencies) = postProject
		{10DCD767-DFBE-4096-9258-111D4CAF09B0} = {10DCD767-DFBE-4096-9258-111D4CAF09B0}
	EndProjectSection
EndProject
Project("{8BC9CEB8-8B4A-11D0-8D11-00A0C91BC942}") = "sample_db4", "sample_db4.vcproj", "{675E4C9D-E1D2-49AD-B7C0-261B4403F0A1}"
	ProjectSection(ProjectDependencies) = postProject
		{10DCD767-DFBE-4096-9258-111D4CAF09B0} = {10DCD767-DFBE-4096-9258-111D4CAF09B0}
	EndProjectSection
EndProject
Project("{8BC9CEB8-8B4A-11D0-8D11-00A0C91BC942}") = "sample_db5", "sample_db5.vcproj", "{675E4C9D-E1D3-49AD-B7C0-261B4403F0A1}"
	ProjectSection(ProjectDependencies) = postProject
		{10DCD767-DFBE-4096-9258-111D4CAF09B0} = {10DCD767-DFBE-4096-9258-111D4CAF09B0}
	EndProjectSection
EndProject
Project("{8BC9CEB8-8B4A-11D0-8D11-00A0C91BC942}") = "sample_env2", "sample_env2.vcproj", "{57E4DDEF-945D-46A7-A889-3B2E9B2B7096}"
	ProjectSection(ProjectDependencies) = postProject
		{10DCD767-DFBE-4096-9258-111D4CAF09B0} = {10DCD767-DFBE-4096-9258-111D4CAF09B0}
	EndProjectSection
EndProject
Project("{8BC9CEB8-8B4A-11D0-8D11-00A0C91BC942}") = "3rdparty_aes", "3rdparty_aes.vcproj", "{AB99816E-52C4-44CE-B8DD-604DCA380173}"
EndProject
Project("{8BC9CEB8-8B4A-11D0-8D11-00A0C91BC942}") = "3rdparty_zlib", "3rdparty_zlib.vcproj", "{AB39816E-52C4-44CE-B8DD-604DCA380173}"
EndProject
Project("{8BC9CEB8-8B4A-11D0-8D11-00A0C91BC942}") = "sample_db6", "sample_db6.vcproj", "{8FE983E8-8B32-4524-9BEF-1303B7ABC143}"
	ProjectSection(ProjectDependencies) = postProject
		{10DCD767-DFBE-4096-9258-111D4CAF09B0} = {10DCD767-DFBE-4096-9258-111D4CAF09B0}
	EndProjectSection
EndProject
Project("{8BC9CEB8-8B4A-11D0-8D11-00A0C91BC942}") = "sample_env3", "sample_env3.vcproj", "{57E4DDEF-945D-46A7-A189-3B2E9B2B7096}"
	ProjectSection(ProjectDependencies) = postProject
		{10DCD767-DFBE-4096-9258-111D4CAF09B0} = {10DCD767-DFBE-4096-9258-111D4CAF09B0}
	EndProjectSection
EndProject
Project("{8BC9CEB8-8B4A-11D0-8D11-00A0C91BC942}") = "ham_info", "ham_info.vcproj", "{8FE983E8-8B32-4524-9BEF-1311B7ABC142}"
	ProjectSection(ProjectDependencies) = postProject
		{10DCD767-DFBE-4096-9258-111D4CAF09B0} = {10DCD767-DFBE-4096-9258-111D4CAF09B0}
	EndProjectSection
EndProject
Project("{8BC9CEB8-8B4A-11D0-8D11-00A0C91BC942}") = "ham_dump", "ham_dump.vcproj", "{D11CE71E-716F-46B0-9DDD-74125DA7985A}"
	ProjectSection(ProjectDependencies) = postProject
		{10DCD767-DFBE-4096-9258-111D4CAF09B0} = {10DCD767-DFBE-4096-9258-111D4CAF09B0}
	EndProjectSection
EndProject
Project("{8BC9CEB8-8B4A-11D0-8D11-00A0C91BC942}") = "3rdparty_mongoose", "3rdparty_mongoose.vcproj", "{AB99816E-52C4-4420-B8DD-63892A380173}"
EndProject
Project("{8BC9CEB8-8B4A-11D0-8D11-00A0C91BC942}") = "sample_server1", "sample_server1.vcproj", "{57E4D0EF-945D-46A7-A189-208A9B2B7096}"
	ProjectSection(ProjectDependencies) = postProject
		{10DCD767-DFBE-4096-9258-111D4CAF09B0} = {10DCD767-DFBE-4096-9258-111D4CAF09B0}
		{11DCD767-DFBE-4196-9258-111D4CAF09B0} = {11DCD767-DFBE-4196-9258-111D4CAF09B0}
	EndProjectSection
EndProject
Project("{8BC9CEB8-8B4A-11D0-8D11-00A0C91BC942}") = "sample_client1", "sample_client1.vcproj", "{57E4D0EF-945D-46A7-B189-20940FFB7096}"
	ProjectSection(ProjectDependencies) = postProject
		{10DCD767-DFBE-4096-9258-111D4CAF09B0} = {10DCD767-DFBE-4096-9258-111D4CAF09B0}
	EndProjectSection
EndProject
Project("{8BC9CEB8-8B4A-11D0-8D11-00A0C91BC942}") = "protocol", "protocol.vcproj", "{10DCD767-DFBE-4096-9258-111D4CF899B1}"
EndProject
Project("{8BC9CEB8-8B4A-11D0-8D11-00A0C91BC942}") = "server_lib", "server_lib.vcproj", "{11DCD767-DFBE-4196-9258-111D4CAF09B0}"
	ProjectSection(ProjectDependencies) = postProject
		{AB99816E-52C4-4420-B8DD-63892A380173} = {AB99816E-52C4-4420-B8DD-63892A380173}
	EndProjectSection
EndProject
Project("{8BC9CEB8-8B4A-11D0-8D11-00A0C91BC942}") = "server_dll", "server_dll.vcproj", "{B82D2DF8-F1B2-4331-86D2-508BBD806507}"
EndProject
Global
	GlobalSection(SolutionConfigurationPlatforms) = preSolution
		Debug|Win32 = Debug|Win32
		Debug|x64 = Debug|x64
		Release|Win32 = Release|Win32
		Release|x64 = Release|x64
	EndGlobalSection
	GlobalSection(ProjectConfigurationPlatforms) = postSolution
		{10DCD767-DFBE-4096-9258-111D4CAF09B0}.Debug|Win32.ActiveCfg = Debug|Win32
		{10DCD767-DFBE-4096-9258-111D4CAF09B0}.Debug|Win32.Build.0 = Debug|Win32
		{10DCD767-DFBE-4096-9258-111D4CAF09B0}.Debug|x64.ActiveCfg = Debug|x64
		{10DCD767-DFBE-4096-9258-111D4CAF09B0}.Debug|x64.Build.0 = Debug|x64
		{10DCD767-DFBE-4096-9258-111D4CAF09B0}.Release|Win32.ActiveCfg = Release|Win32
		{10DCD767-DFBE-4096-9258-111D4CAF09B0}.Release|Win32.Build.0 = Release|Win32
		{10DCD767-DFBE-4096-9258-111D4CAF09B0}.Release|x64.ActiveCfg = Release|x64
		{10DCD767-DFBE-4096-9258-111D4CAF09B0}.Release|x64.Build.0 = Release|x64
		{B82D2DF8-F8B2-4331-86D0-508BBD806507}.Debug|Win32.ActiveCfg = Debug|Win32
		{B82D2DF8-F8B2-4331-86D0-508BBD806507}.Debug|Win32.Build.0 = Debug|Win32
		{B82D2DF8-F8B2-4331-86D0-508BBD806507}.Debug|x64.ActiveCfg = Debug|x64
		{B82D2DF8-F8B2-4331-86D0-508BBD806507}.Debug|x64.Build.0 = Debug|x64
		{B82D2DF8-F8B2-4331-86D0-508BBD806507}.Release|Win32.ActiveCfg = Release|Win32
		{B82D2DF8-F8B2-4331-86D0-508BBD806507}.Release|Win32.Build.0 = Release|Win32
		{B82D2DF8-F8B2-4331-86D0-508BBD806507}.Release|x64.ActiveCfg = Release|x64
		{B82D2DF8-F8B2-4331-86D0-508BBD806507}.Release|x64.Build.0 = Release|x64
		{8FE983E8-8B32-4524-9BEF-1303B7ABC142}.Debug|Win32.ActiveCfg = Debug|Win32
		{8FE983E8-8B32-4524-9BEF-1303B7ABC142}.Debug|Win32.Build.0 = Debug|Win32
		{8FE983E8-8B32-4524-9BEF-1303B7ABC142}.Debug|x64.ActiveCfg = Debug|x64
		{8FE983E8-8B32-4524-9BEF-1303B7ABC142}.Debug|x64.Build.0 = Debug|x64
		{8FE983E8-8B32-4524-9BEF-1303B7ABC142}.Release|Win32.ActiveCfg = Release|Win32
		{8FE983E8-8B32-4524-9BEF-1303B7ABC142}.Release|Win32.Build.0 = Release|Win32
		{8FE983E8-8B32-4524-9BEF-1303B7ABC142}.Release|x64.ActiveCfg = Release|x64
		{8FE983E8-8B32-4524-9BEF-1303B7ABC142}.Release|x64.Build.0 = Release|x64
		{1D39526E-1AC3-4E5C-B7B6-AD78FD27C4CC}.Debug|Win32.ActiveCfg = Debug|Win32
		{1D39526E-1AC3-4E5C-B7B6-AD78FD27C4CC}.Debug|Win32.Build.0 = Debug|Win32
		{1D39526E-1AC3-4E5C-B7B6-AD78FD27C4CC}.Debug|x64.ActiveCfg = Debug|x64
		{1D39526E-1AC3-4E5C-B7B6-AD78FD27C4CC}.Debug|x64.Build.0 = Debug|x64
		{1D39526E-1AC3-4E5C-B7B6-AD78FD27C4CC}.Release|Win32.ActiveCfg = Release|Win32
		{1D39526E-1AC3-4E5C-B7B6-AD78FD27C4CC}.Release|Win32.Build.0 = Release|Win32
		{1D39526E-1AC3-4E5C-B7B6-AD78FD27C4CC}.Release|x64.ActiveCfg = Release|x64
		{1D39526E-1AC3-4E5C-B7B6-AD78FD27C4CC}.Release|x64.Build.0 = Release|x64
		{54B8A25A-34C1-4472-B690-2B2941BABE69}.Debug|Win32.ActiveCfg = Debug|Win32
		{54B8A25A-34C1-4472-B690-2B2941BABE69}.Debug|Win32.Build.0 = Debug|Win32
		{54B8A25A-34C1-4472-B690-2B2941BABE69}.Debug|x64.ActiveCfg = Debug|x64
		{54B8A25A-34C1-4472-B690-2B2941BABE69}.Debug|x64.Build.0 = Debug|x64
		{54B8A25A-34C1-4472-B690-2B2941BABE69}.Release|Win32.ActiveCfg = Release|Win32
		{54B8A25A-34C1-4472-B690-2B2941BABE69}.Release|Win32.Build.0 = Release|Win32
		{54B8A25A-34C1-4472-B690-2B2941BABE69}.Release|x64.ActiveCfg = Release|x64
		{54B8A25A-34C1-4472-B690-2B2941BABE69}.Release|x64.Build.0 = Release|x64
		{0C5D0A1D-A98A-4A4A-A954-EC15F8A611A6}.Debug|Win32.ActiveCfg = Debug|Win32
		{0C5D0A1D-A98A-4A4A-A954-EC15F8A611A6}.Debug|Win32.Build.0 = Debug|Win32
		{0C5D0A1D-A98A-4A4A-A954-EC15F8A611A6}.Debug|x64.ActiveCfg = Debug|x64
		{0C5D0A1D-A98A-4A4A-A954-EC15F8A611A6}.Debug|x64.Build.0 = Debug|x64
		{0C5D0A1D-A98A-4A4A-A954-EC15F8A611A6}.Release|Win32.ActiveCfg = Release|Win32
		{0C5D0A1D-A98A-4A4A-A954-EC15F8A611A6}.Release|Win32.Build.0 = Release|Win32
		{0C5D0A1D-A98A-4A4A-A954-EC15F8A611A6}.Release|x64.ActiveCfg = Release|x64
		{0C5D0A1D-A98A-4A4A-A954-EC15F8A611A6}.Release|x64.Build.0 = Release|x64
		{57E4DDEF-945C-46A7-A889-3B2E9B2B7096}.Debug|Win32.ActiveCfg = Debug|Win32
		{57E4DDEF-945C-46A7-A889-3B2E9B2B7096}.Debug|Win32.Build.0 = Debug|Win32
		{57E4DDEF-945C-46A7-A889-3B2E9B2B7096}.Debug|x64.ActiveCfg = Debug|x64
		{57E4DDEF-945C-46A7-A889-3B2E9B2B7096}.Debug|x64.Build.0 = Debug|x64
		{57E4DDEF-945C-46A7-A889-3B2E9B2B7096}.Release|Win32.ActiveCfg = Release|Win32
		{57E4DDEF-945C-46A7-A889-3B2E9B2B7096}.Release|Win32.Build.0 = Release|Win32
		{57E4DDEF-945C-46A7-A889-3B2E9B2B7096}.Release|x64.ActiveCfg = Release|x64
		{57E4DDEF-945C-46A7-A889-3B2E9B2B7096}.Release|x64.Build.0 = Release|x64
		{675E4C9D-E1D2-49AD-B7C0-261B4403F0A1}.Debug|Win32.ActiveCfg = Debug|Win32
		{675E4C9D-E1D2-49AD-B7C0-261B4403F0A1}.Debug|Win32.Build.0 = Debug|Win32
		{675E4C9D-E1D2-49AD-B7C0-261B4403F0A1}.Debug|x64.ActiveCfg = Debug|x64
		{675E4C9D-E1D2-49AD-B7C0-261B4403F0A1}.Debug|x64.Build.0 = Debug|x64
		{675E4C9D-E1D2-49AD-B7C0-261B4403F0A1}.Release|Win32.ActiveCfg = Release|Win32
		{675E4C9D-E1D2-49AD-B7C0-261B4403F0A1}.Release|Win32.Build.0 = Release|Win32
		{675E4C9D-E1D2-49AD-B7C0-261B4403F0A1}.Release|x64.ActiveCfg = Release|x64
		{675E4C9D-E1D2-49AD-B7C0-261B4403F0A1}.Release|x64.Build.0 = Release|x64
		{675E4C9D-E1D3-49AD-B7C0-261B4403F0A1}.Debug|Win32.ActiveCfg = Debug|Win32
		{675E4C9D-E1D3-49AD-B7C0-261B4403F0A1}.Debug|Win32.Build.0 = Debug|Win32
		{675E4C9D-E1D3-49AD-B7C0-261B4403F0A1}.Debug|x64.ActiveCfg = Debug|x64
		{675E4C9D-E1D3-49AD-B7C0-261B4403F0A1}.Debug|x64.Build.0 = Debug|x64
		{675E4C9D-E1D3-49AD-B7C0-261B4403F0A1}.Release|Win32.ActiveCfg = Release|Win32
		{675E4C9D-E1D3-49AD-B7C0-261B4403F0A1}.Release|Win32.Build.0 = Release|Win32
		{675E4C9D-E1D3-49AD-B7C0-261B4403F0A1}.Release|x64.ActiveCfg = Release|x64
		{675E4C9D-E1D3-49AD-B7C0-261B4403F0A1}.Release|x64.Build.0 = Release|x64
		{57E4DDEF-945D-46A7-A889-3B2E9B2B7096}.Debug|Win32.ActiveCfg = Debug|Win32
		{57E4DDEF-945D-46A7-A889-3B2E9B2B7096}.Debug|Win32.Build.0 = Debug|Win32
		{57E4DDEF-945D-46A7-A889-3B2E9B2B7096}.Debug|x64.ActiveCfg = Debug|x64
		{57E4DDEF-945D-46A7-A889-3B2E9B2B7096}.Debug|x64.Build.0 = Debug|x64
		{57E4DDEF-945D-46A7-A889-3B2E9B2B7096}.Release|Win32.ActiveCfg = Release|Win32
		{57E4DDEF-945D-46A7-A889-3B2E9B2B7096}.Release|Win32.Build.0 = Release|Win32
		{57E4DDEF-945D-46A7-A889-3B2E9B2B7096}.Release|x64.ActiveCfg = Release|x64
		{57E4DDEF-945D-46A7-A889-3B2E9B2B7096}.Release|x64.Build.0 = Release|x64
		{AB99816E-52C4-44CE-B8DD-604DCA380173}.Debug|Win32.ActiveCfg = Debug|Win32
		{AB99816E-52C4-44CE-B8DD-604DCA380173}.Debug|Win32.Build.0 = Debug|Win32
		{AB99816E-52C4-44CE-B8DD-604DCA380173}.Debug|x64.ActiveCfg = Debug|x64
		{AB99816E-52C4-44CE-B8DD-604DCA380173}.Debug|x64.Build.0 = Debug|x64
		{AB99816E-52C4-44CE-B8DD-604DCA380173}.Release|Win32.ActiveCfg = Release|Win32
		{AB99816E-52C4-44CE-B8DD-604DCA380173}.Release|Win32.Build.0 = Release|Win32
		{AB99816E-52C4-44CE-B8DD-604DCA380173}.Release|x64.ActiveCfg = Release|x64
		{AB99816E-52C4-44CE-B8DD-604DCA380173}.Release|x64.Build.0 = Release|x64
		{AB39816E-52C4-44CE-B8DD-604DCA380173}.Debug|Win32.ActiveCfg = Debug|Win32
		{AB39816E-52C4-44CE-B8DD-604DCA380173}.Debug|Win32.Build.0 = Debug|Win32
		{AB39816E-52C4-44CE-B8DD-604DCA380173}.Debug|x64.ActiveCfg = Debug|x64
		{AB39816E-52C4-44CE-B8DD-604DCA380173}.Debug|x64.Build.0 = Debug|x64
		{AB39816E-52C4-44CE-B8DD-604DCA380173}.Release|Win32.ActiveCfg = Release|Win32
		{AB39816E-52C4-44CE-B8DD-604DCA380173}.Release|Win32.Build.0 = Release|Win32
		{AB39816E-52C4-44CE-B8DD-604DCA380173}.Release|x64.ActiveCfg = Release|x64
		{AB39816E-52C4-44CE-B8DD-604DCA380173}.Release|x64.Build.0 = Release|x64
		{8FE983E8-8B32-4524-9BEF-1303B7ABC143}.Debug|Win32.ActiveCfg = Debug|Win32
		{8FE983E8-8B32-4524-9BEF-1303B7ABC143}.Debug|Win32.Build.0 = Debug|Win32
		{8FE983E8-8B32-4524-9BEF-1303B7ABC143}.Debug|x64.ActiveCfg = Debug|x64
		{8FE983E8-8B32-4524-9BEF-1303B7ABC143}.Debug|x64.Build.0 = Debug|x64
		{8FE983E8-8B32-4524-9BEF-1303B7ABC143}.Release|Win32.ActiveCfg = Release|Win32
		{8FE983E8-8B32-4524-9BEF-1303B7ABC143}.Release|Win32.Build.0 = Release|Win32
		{8FE983E8-8B32-4524-9BEF-1303B7ABC143}.Release|x64.ActiveCfg = Release|x64
		{8FE983E8-8B32-4524-9BEF-1303B7ABC143}.Release|x64.Build.0 = Release|x64
		{57E4DDEF-945D-46A7-A189-3B2E9B2B7096}.Debug|Win32.ActiveCfg = Debug|Win32
		{57E4DDEF-945D-46A7-A189-3B2E9B2B7096}.Debug|Win32.Build.0 = Debug|Win32
		{57E4DDEF-945D-46A7-A189-3B2E9B2B7096}.Debug|x64.ActiveCfg = Debug|x64
		{57E4DDEF-945D-46A7-A189-3B2E9B2B7096}.Debug|x64.Build.0 = Debug|x64
		{57E4DDEF-945D-46A7-A189-3B2E9B2B7096}.Release|Win32.ActiveCfg = Release|Win32
		{57E4DDEF-945D-46A7-A189-3B2E9B2B7096}.Release|Win32.Build.0 = Release|Win32
		{57E4DDEF-945D-46A7-A189-3B2E9B2B7096}.Release|x64.ActiveCfg = Release|x64
		{57E4DDEF-945D-46A7-A189-3B2E9B2B7096}.Release|x64.Build.0 = Release|x64
		{8FE983E8-8B32-4524-9BEF-1311B7ABC142}.Debug|Win32.ActiveCfg = Debug|Win32
		{8FE983E8-8B32-4524-9BEF-1311B7ABC142}.Debug|Win32.Build.0 = Debug|Win32
		{8FE983E8-8B32-4524-9BEF-1311B7ABC142}.Debug|x64.ActiveCfg = Debug|x64
		{8FE983E8-8B32-4524-9BEF-1311B7ABC142}.Debug|x64.Build.0 = Debug|x64
		{8FE983E8-8B32-4524-9BEF-1311B7ABC142}.Release|Win32.ActiveCfg = Release|Win32
		{8FE983E8-8B32-4524-9BEF-1311B7ABC142}.Release|Win32.Build.0 = Release|Win32
		{8FE983E8-8B32-4524-9BEF-1311B7ABC142}.Release|x64.ActiveCfg = Release|x64
		{8FE983E8-8B32-4524-9BEF-1311B7ABC142}.Release|x64.Build.0 = Release|x64
		{D11CE71E-716F-46B0-9DDD-74125DA7985A}.Debug|Win32.ActiveCfg = Debug|Win32
		{D11CE71E-716F-46B0-9DDD-74125DA7985A}.Debug|Win32.Build.0 = Debug|Win32
		{D11CE71E-716F-46B0-9DDD-74125DA7985A}.Debug|x64.ActiveCfg = Debug|x64
		{D11CE71E-716F-46B0-9DDD-74125DA7985A}.Debug|x64.Build.0 = Debug|x64
		{D11CE71E-716F-46B0-9DDD-74125DA7985A}.Release|Win32.ActiveCfg = Release|Win32
		{D11CE71E-716F-46B0-9DDD-74125DA7985A}.Release|Win32.Build.0 = Release|Win32
		{D11CE71E-716F-46B0-9DDD-74125DA7985A}.Release|x64.ActiveCfg = Release|x64
		{D11CE71E-716F-46B0-9DDD-74125DA7985A}.Release|x64.Build.0 = Release|x64
		{AB99816E-52C4-4420-B8DD-63892A380173}.Debug|Win32.ActiveCfg = Debug|Win32
		{AB99816E-52C4-4420-B8DD-63892A380173}.Debug|Win32.Build.0 = Debug|Win32
		{AB99816E-52C4-4420-B8DD-63892A380173}.Debug|x64.ActiveCfg = Debug|x64
		{AB99816E-52C4-4420-B8DD-63892A380173}.Debug|x64.Build.0 = Debug|x64
		{AB99816E-52C4-4420-B8DD-63892A380173}.Release|Win32.ActiveCfg = Release|Win32
		{AB99816E-52C4-4420-B8DD-63892A380173}.Release|Win32.Build.0 = Release|Win32
		{AB99816E-52C4-4420-B8DD-63892A380173}.Release|x64.ActiveCfg = Release|x64
		{AB99816E-52C4-4420-B8DD-63892A380173}.Release|x64.Build.0 = Release|x64
		{57E4D0EF-945D-46A7-A189-208A9B2B7096}.Debug|Win32.ActiveCfg = Debug|Win32
		{57E4D0EF-945D-46A7-A189-208A9B2B7096}.Debug|Win32.Build.0 = Debug|Win32
		{57E4D0EF-945D-46A7-A189-208A9B2B7096}.Debug|x64.ActiveCfg = Debug|x64
		{57E4D0EF-945D-46A7-A189-208A9B2B7096}.Debug|x64.Build.0 = Debug|x64
		{57E4D0EF-945D-46A7-A189-208A9B2B7096}.Release|Win32.ActiveCfg = Release|Win32
		{57E4D0EF-945D-46A7-A189-208A9B2B7096}.Release|Win32.Build.0 = Release|Win32
		{57E4D0EF-945D-46A7-A189-208A9B2B7096}.Release|x64.ActiveCfg = Release|x64
		{57E4D0EF-945D-46A7-A189-208A9B2B7096}.Release|x64.Build.0 = Release|x64
		{57E4D0EF-945D-46A7-B189-20940FFB7096}.Debug|Win32.ActiveCfg = Debug|Win32
		{57E4D0EF-945D-46A7-B189-20940FFB7096}.Debug|Win32.Build.0 = Debug|Win32
		{57E4D0EF-945D-46A7-B189-20940FFB7096}.Debug|x64.ActiveCfg = Debug|x64
		{57E4D0EF-945D-46A7-B189-20940FFB7096}.Debug|x64.Build.0 = Debug|x64
		{57E4D0EF-945D-46A7-B189-20940FFB7096}.Release|Win32.ActiveCfg = Release|Win32
		{57E4D0EF-945D-46A7-B189-20940FFB7096}.Release|Win32.Build.0 = Release|Win32
		{57E4D0EF-945D-46A7-B189-20940FFB7096}.Release|x64.ActiveCfg = Release|x64
		{57E4D0EF-945D-46A7-B189-20940FFB7096}.Release|x64.Build.0 = Release|x64
		{10DCD767-DFBE-4096-9258-111D4CF899B1}.Debug|Win32.ActiveCfg = Debug|Win32
		{10DCD767-DFBE-4096-9258-111D4CF899B1}.Debug|Win32.Build.0 = Debug|Win32
		{10DCD767-DFBE-4096-9258-111D4CF899B1}.Debug|x64.ActiveCfg = Debug|x64
		{10DCD767-DFBE-4096-9258-111D4CF899B1}.Debug|x64.Build.0 = Debug|x64
		{10DCD767-DFBE-4096-9258-111D4CF899B1}.Release|Win32.ActiveCfg = Release|Win32
		{10DCD767-DFBE-4096-9258-111D4CF899B1}.Release|Win32.Build.0 = Release|Win32
		{10DCD767-DFBE-4096-9258-111D4CF899B1}.Release|x64.ActiveCfg = Release|x64
		{10DCD767-DFBE-4096-9258-111D4CF899B1}.Release|x64.Build.0 = Release|x64
		{11DCD767-DFBE-4196-9258-111D4CAF09B0}.Debug|Win32.ActiveCfg = Debug|Win32
		{11DCD767-DFBE-4196-9258-111D4CAF09B0}.Debug|Win32.Build.0 = Debug|Win32
		{11DCD767-DFBE-4196-9258-111D4CAF09B0}.Debug|x64.ActiveCfg = Debug|x64
		{11DCD767-DFBE-4196-9258-111D4CAF09B0}.Debug|x64.Build.0 = Debug|x64
		{11DCD767-DFBE-4196-9258-111D4CAF09B0}.Release|Win32.ActiveCfg = Release|Win32
		{11DCD767-DFBE-4196-9258-111D4CAF09B0}.Release|Win32.Build.0 = Release|Win32
		{11DCD767-DFBE-4196-9258-111D4CAF09B0}.Release|x64.ActiveCfg = Release|x64
		{11DCD767-DFBE-4196-9258-111D4CAF09B0}.Release|x64.Build.0 = Release|x64
		{B82D2DF8-F1B2-4331-86D2-508BBD806507}.Debug|Win32.ActiveCfg = Debug|Win32
		{B82D2DF8-F1B2-4331-86D2-508BBD806507}.Debug|Win32.Build.0 = Debug|Win32
		{B82D2DF8-F1B2-4331-86D2-508BBD806507}.Debug|x64.ActiveCfg = Debug|Win32
		{B82D2DF8-F1B2-4331-86D2-508BBD806507}.Release|Win32.ActiveCfg = Release|Win32
		{B82D2DF8-F1B2-4331-86D2-508BBD806507}.Release|Win32.Build.0 = Release|Win32
		{B82D2DF8-F1B2-4331-86D2-508BBD806507}.Release|x64.ActiveCfg = Release|Win32
	EndGlobalSection
	GlobalSection(SolutionProperties) = preSolution
		HideSolutionNode = FALSE
	EndGlobalSection
	GlobalSection(DPCodeReviewSolutionGUID) = preSolution
		DPCodeReviewSolutionGUID = {00000000-0000-0000-0000-000000000000}
	EndGlobalSection
EndGlobal
