
Microsoft Visual Studio Solution File, Format Version 9.00
# Visual Studio 2005
Project("{8BC9CEB8-8B4A-11D0-8D11-00A0C91BC942}") = "dll", "..\dll\dll.vcproj", "{CDFB4297-86A5-44FA-8DFF-212ABD995789}"
EndProject
Project("{8BC9CEB8-8B4A-11D0-8D11-00A0C91BC942}") = "lib", "..\lib\lib.vcproj", "{606E722C-99A8-46FF-8B04-AB8E957682B3}"
EndProject
Project("{8BC9CEB8-8B4A-11D0-8D11-00A0C91BC942}") = "sample_db1", "..\sample_db1\sample_db1.vcproj", "{62497A7D-58D2-4529-B1E0-336D6A1208E2}"
	ProjectSection(ProjectDependencies) = postProject
		{606E722C-99A8-46FF-8B04-AB8E957682B3} = {606E722C-99A8-46FF-8B04-AB8E957682B3}
	EndProjectSection
EndProject
Project("{8BC9CEB8-8B4A-11D0-8D11-00A0C91BC942}") = "sample_env1", "..\sample_env1\sample_env1.vcproj", "{7C009F19-82F7-4A98-813A-E76DD5CEEFA4}"
	ProjectSection(ProjectDependencies) = postProject
		{606E722C-99A8-46FF-8B04-AB8E957682B3} = {606E722C-99A8-46FF-8B04-AB8E957682B3}
	EndProjectSection
EndProject
Global
	GlobalSection(SolutionConfigurationPlatforms) = preSolution
		Debug|STANDARDSDK_500 (x86) = Debug|STANDARDSDK_500 (x86)
		Release|STANDARDSDK_500 (x86) = Release|STANDARDSDK_500 (x86)
	EndGlobalSection
	GlobalSection(ProjectConfigurationPlatforms) = postSolution
		{CDFB4297-86A5-44FA-8DFF-212ABD995789}.Debug|STANDARDSDK_500 (x86).ActiveCfg = Debug|STANDARDSDK_500 (x86)
		{CDFB4297-86A5-44FA-8DFF-212ABD995789}.Debug|STANDARDSDK_500 (x86).Build.0 = Debug|STANDARDSDK_500 (x86)
		{CDFB4297-86A5-44FA-8DFF-212ABD995789}.Debug|STANDARDSDK_500 (x86).Deploy.0 = Debug|STANDARDSDK_500 (x86)
		{CDFB4297-86A5-44FA-8DFF-212ABD995789}.Release|STANDARDSDK_500 (x86).ActiveCfg = Release|STANDARDSDK_500 (x86)
		{CDFB4297-86A5-44FA-8DFF-212ABD995789}.Release|STANDARDSDK_500 (x86).Build.0 = Release|STANDARDSDK_500 (x86)
		{CDFB4297-86A5-44FA-8DFF-212ABD995789}.Release|STANDARDSDK_500 (x86).Deploy.0 = Release|STANDARDSDK_500 (x86)
		{606E722C-99A8-46FF-8B04-AB8E957682B3}.Debug|STANDARDSDK_500 (x86).ActiveCfg = Debug|STANDARDSDK_500 (x86)
		{606E722C-99A8-46FF-8B04-AB8E957682B3}.Debug|STANDARDSDK_500 (x86).Build.0 = Debug|STANDARDSDK_500 (x86)
		{606E722C-99A8-46FF-8B04-AB8E957682B3}.Debug|STANDARDSDK_500 (x86).Deploy.0 = Debug|STANDARDSDK_500 (x86)
		{606E722C-99A8-46FF-8B04-AB8E957682B3}.Release|STANDARDSDK_500 (x86).ActiveCfg = Release|STANDARDSDK_500 (x86)
		{606E722C-99A8-46FF-8B04-AB8E957682B3}.Release|STANDARDSDK_500 (x86).Build.0 = Release|STANDARDSDK_500 (x86)
		{606E722C-99A8-46FF-8B04-AB8E957682B3}.Release|STANDARDSDK_500 (x86).Deploy.0 = Release|STANDARDSDK_500 (x86)
		{62497A7D-58D2-4529-B1E0-336D6A1208E2}.Debug|STANDARDSDK_500 (x86).ActiveCfg = Debug|STANDARDSDK_500 (x86)
		{62497A7D-58D2-4529-B1E0-336D6A1208E2}.Debug|STANDARDSDK_500 (x86).Build.0 = Debug|STANDARDSDK_500 (x86)
		{62497A7D-58D2-4529-B1E0-336D6A1208E2}.Debug|STANDARDSDK_500 (x86).Deploy.0 = Debug|STANDARDSDK_500 (x86)
		{62497A7D-58D2-4529-B1E0-336D6A1208E2}.Release|STANDARDSDK_500 (x86).ActiveCfg = Release|STANDARDSDK_500 (x86)
		{62497A7D-58D2-4529-B1E0-336D6A1208E2}.Release|STANDARDSDK_500 (x86).Build.0 = Release|STANDARDSDK_500 (x86)
		{62497A7D-58D2-4529-B1E0-336D6A1208E2}.Release|STANDARDSDK_500 (x86).Deploy.0 = Release|STANDARDSDK_500 (x86)
		{7C009F19-82F7-4A98-813A-E76DD5CEEFA4}.Debug|STANDARDSDK_500 (x86).ActiveCfg = Debug|STANDARDSDK_500 (x86)
		{7C009F19-82F7-4A98-813A-E76DD5CEEFA4}.Debug|STANDARDSDK_500 (x86).Build.0 = Debug|STANDARDSDK_500 (x86)
		{7C009F19-82F7-4A98-813A-E76DD5CEEFA4}.Debug|STANDARDSDK_500 (x86).Deploy.0 = Debug|STANDARDSDK_500 (x86)
		{7C009F19-82F7-4A98-813A-E76DD5CEEFA4}.Release|STANDARDSDK_500 (x86).ActiveCfg = Release|STANDARDSDK_500 (x86)
		{7C009F19-82F7-4A98-813A-E76DD5CEEFA4}.Release|STANDARDSDK_500 (x86).Build.0 = Release|STANDARDSDK_500 (x86)
		{7C009F19-82F7-4A98-813A-E76DD5CEEFA4}.Release|STANDARDSDK_500 (x86).Deploy.0 = Release|STANDARDSDK_500 (x86)
	EndGlobalSection
	GlobalSection(SolutionProperties) = preSolution
		HideSolutionNode = FALSE
	EndGlobalSection
EndGlobal
